{
  "object": {
    "pins": [
      {
        "package": "Loading Animations",
        "repositoryURL": "https://github.com/nikae/Loading-Animations.git",
        "state": {
          "branch": null,
          "revision": "ea8dc7cf0df1882614e3333a551916e0b5c6fdb6",
          "version": "1.0.5"
        }
      }
    ]
  },
  "version": 1
}
