// !$*UTF8*$!
{
	archiveVersion = 1;
	classes = {
	};
	objectVersion = 46;
	objects = {

/* Begin PBXBuildFile section */
		240DD1121DE531B100F68A28 /* AppDelegate.swift in Sources */ = {isa = PBXBuildFile; fileRef = 240DD1111DE531B100F68A28 /* AppDelegate.swift */; };
		240DD1141DE531B100F68A28 /* ViewController.swift in Sources */ = {isa = PBXBuildFile; fileRef = 240DD1131DE531B100F68A28 /* ViewController.swift */; };
		240DD1191DE531B100F68A28 /* Assets.xcassets in Resources */ = {isa = PBXBuildFile; fileRef = 240DD1181DE531B100F68A28 /* Assets.xcassets */; };
		240DD11C1DE531B100F68A28 /* LaunchScreen.storyboard in Resources */ = {isa = PBXBuildFile; fileRef = 240DD11A1DE531B100F68A28 /* LaunchScreen.storyboard */; };
		240DD1271DE531B100F68A28 /* locationTrackTestTests.swift in Sources */ = {isa = PBXBuildFile; fileRef = 240DD1261DE531B100F68A28 /* locationTrackTestTests.swift */; };
		240DD1321DE531B100F68A28 /* locationTrackTestUITests.swift in Sources */ = {isa = PBXBuildFile; fileRef = 240DD1311DE531B100F68A28 /* locationTrackTestUITests.swift */; };
		240DD1411DECE1DF00F68A28 /* MapKit.framework in Frameworks */ = {isa = PBXBuildFile; fileRef = 240DD1401DECE1DF00F68A28 /* MapKit.framework */; };
		240DD1451DED025A00F68A28 /* ObjectColors.swift in Sources */ = {isa = PBXBuildFile; fileRef = 240DD1441DED025A00F68A28 /* ObjectColors.swift */; };
		240DD1471DED193100F68A28 /* Map.swift in Sources */ = {isa = PBXBuildFile; fileRef = 240DD1461DED193100F68A28 /* Map.swift */; };
		245038671E31CCBE00CF1707 /* PopUpActivityDon.swift in Sources */ = {isa = PBXBuildFile; fileRef = 245038661E31CCBE00CF1707 /* PopUpActivityDon.swift */; };
		245038691E32B3A700CF1707 /* CountDownVC.swift in Sources */ = {isa = PBXBuildFile; fileRef = 245038681E32B3A700CF1707 /* CountDownVC.swift */; };
		2466AC9F1DFE1010001331DD /* CoreDataStack.swift in Sources */ = {isa = PBXBuildFile; fileRef = 2466AC9E1DFE1010001331DD /* CoreDataStack.swift */; };
		2466ACA21DFE1300001331DD /* DataBaseModel.xcdatamodeld in Sources */ = {isa = PBXBuildFile; fileRef = 2466ACA01DFE1300001331DD /* DataBaseModel.xcdatamodeld */; };
		249666901E41694C009335E2 /* TracksVC.swift in Sources */ = {isa = PBXBuildFile; fileRef = 2496668F1E41694C009335E2 /* TracksVC.swift */; };
		249666921E42BA4F009335E2 /* ProfileVC.swift in Sources */ = {isa = PBXBuildFile; fileRef = 249666911E42BA4F009335E2 /* ProfileVC.swift */; };
		249C0BA71E7C7B810088329D /* TrailsAnnotation.swift in Sources */ = {isa = PBXBuildFile; fileRef = 249C0BA61E7C7B810088329D /* TrailsAnnotation.swift */; };
		24B0C4561E6A452E00166FB8 /* TracksVCCellTableViewCell.swift in Sources */ = {isa = PBXBuildFile; fileRef = 24B0C4551E6A452E00166FB8 /* TracksVCCellTableViewCell.swift */; };
		24BAB1DD1E57A41E00E32E74 /* GoogleService-Info.plist in Resources */ = {isa = PBXBuildFile; fileRef = 24BAB1DC1E57A41E00E32E74 /* GoogleService-Info.plist */; };
		24BAB1E51E57B69400E32E74 /* SignUpVC.swift in Sources */ = {isa = PBXBuildFile; fileRef = 24BAB1E41E57B69400E32E74 /* SignUpVC.swift */; };
		24BAB1E71E57B6B100E32E74 /* LogInVC.swift in Sources */ = {isa = PBXBuildFile; fileRef = 24BAB1E61E57B6B100E32E74 /* LogInVC.swift */; };
		24BAB1E91E57B6CB00E32E74 /* ResetPasswordVC.swift in Sources */ = {isa = PBXBuildFile; fileRef = 24BAB1E81E57B6CB00E32E74 /* ResetPasswordVC.swift */; };
		24BAB1ED1E5D0ACD00E32E74 /* EditProfileVC.swift in Sources */ = {isa = PBXBuildFile; fileRef = 24BAB1EC1E5D0ACD00E32E74 /* EditProfileVC.swift */; };
		24C9345E1E7376DB0022E40E /* CellOutletFromProfileVC.swift in Sources */ = {isa = PBXBuildFile; fileRef = 24C9345D1E7376DB0022E40E /* CellOutletFromProfileVC.swift */; };
		24D1BFC91E4A961C007151E8 /* Methods.swift in Sources */ = {isa = PBXBuildFile; fileRef = 24D1BFC81E4A961C007151E8 /* Methods.swift */; };
		24D1BFCB1E4A9FE0007151E8 /* HealtKitManager.swift in Sources */ = {isa = PBXBuildFile; fileRef = 24D1BFCA1E4A9FE0007151E8 /* HealtKitManager.swift */; };
		24D1BFCD1E4D4692007151E8 /* viewSlider.swift in Sources */ = {isa = PBXBuildFile; fileRef = 24D1BFCC1E4D4691007151E8 /* viewSlider.swift */; };
		24F114D91E7B47F200269D69 /* TracksMapVC.swift in Sources */ = {isa = PBXBuildFile; fileRef = 24F114D81E7B47F200269D69 /* TracksMapVC.swift */; };
		24F9D0351E79F091008BE044 /* Main.storyboard in Resources */ = {isa = PBXBuildFile; fileRef = 24F9D0341E79F091008BE044 /* Main.storyboard */; };
		24F9D0371E79FE89008BE044 /* activDetiledVC.swift in Sources */ = {isa = PBXBuildFile; fileRef = 24F9D0361E79FE89008BE044 /* activDetiledVC.swift */; };
		24FFF3FD1DFDCE5B0088B86C /* sportIcons.xcassets in Resources */ = {isa = PBXBuildFile; fileRef = 24FFF3FC1DFDCE5B0088B86C /* sportIcons.xcassets */; };
		24FFF3FF1DFDD4030088B86C /* StartStopButton.swift in Sources */ = {isa = PBXBuildFile; fileRef = 24FFF3FE1DFDD4030088B86C /* StartStopButton.swift */; };
		24FFF4011DFDE4420088B86C /* Varebles.swift in Sources */ = {isa = PBXBuildFile; fileRef = 24FFF4001DFDE4420088B86C /* Varebles.swift */; };
		5ACAE325AE16124BBB301FEF /* Pods_Trail_LabTests.framework in Frameworks */ = {isa = PBXBuildFile; fileRef = 13CAB6F0E49B5742EB2726AC /* Pods_Trail_LabTests.framework */; };
		A02481C96DE08DEA9266F5C5 /* Pods_Trail_Lab.framework in Frameworks */ = {isa = PBXBuildFile; fileRef = 2A703A922F5FDDBA43E7B343 /* Pods_Trail_Lab.framework */; };
		BBEC68F0C50046EF8775827C /* Pods_Trail_LabUITests.framework in Frameworks */ = {isa = PBXBuildFile; fileRef = F0A409083FD8553DA47F61EF /* Pods_Trail_LabUITests.framework */; };
/* End PBXBuildFile section */

/* Begin PBXContainerItemProxy section */
		240DD1231DE531B100F68A28 /* PBXContainerItemProxy */ = {
			isa = PBXContainerItemProxy;
			containerPortal = 240DD1061DE531B100F68A28 /* Project object */;
			proxyType = 1;
			remoteGlobalIDString = 240DD10D1DE531B100F68A28;
			remoteInfo = locationTrackTest;
		};
		240DD12E1DE531B100F68A28 /* PBXContainerItemProxy */ = {
			isa = PBXContainerItemProxy;
			containerPortal = 240DD1061DE531B100F68A28 /* Project object */;
			proxyType = 1;
			remoteGlobalIDString = 240DD10D1DE531B100F68A28;
			remoteInfo = locationTrackTest;
		};
/* End PBXContainerItemProxy section */

/* Begin PBXFileReference section */
		13CAB6F0E49B5742EB2726AC /* Pods_Trail_LabTests.framework */ = {isa = PBXFileReference; explicitFileType = wrapper.framework; includeInIndex = 0; path = Pods_Trail_LabTests.framework; sourceTree = BUILT_PRODUCTS_DIR; };
		240DD10E1DE531B100F68A28 /* Trail Lab.app */ = {isa = PBXFileReference; explicitFileType = wrapper.application; includeInIndex = 0; path = "Trail Lab.app"; sourceTree = BUILT_PRODUCTS_DIR; };
		240DD1111DE531B100F68A28 /* AppDelegate.swift */ = {isa = PBXFileReference; lastKnownFileType = sourcecode.swift; path = AppDelegate.swift; sourceTree = "<group>"; };
		240DD1131DE531B100F68A28 /* ViewController.swift */ = {isa = PBXFileReference; lastKnownFileType = sourcecode.swift; path = ViewController.swift; sourceTree = "<group>"; };
		240DD1181DE531B100F68A28 /* Assets.xcassets */ = {isa = PBXFileReference; lastKnownFileType = folder.assetcatalog; path = Assets.xcassets; sourceTree = "<group>"; };
		240DD11B1DE531B100F68A28 /* Base */ = {isa = PBXFileReference; lastKnownFileType = file.storyboard; name = Base; path = Base.lproj/LaunchScreen.storyboard; sourceTree = "<group>"; };
		240DD11D1DE531B100F68A28 /* Info.plist */ = {isa = PBXFileReference; lastKnownFileType = text.plist.xml; path = Info.plist; sourceTree = "<group>"; };
		240DD1221DE531B100F68A28 /* Trail LabTests.xctest */ = {isa = PBXFileReference; explicitFileType = wrapper.cfbundle; includeInIndex = 0; path = "Trail LabTests.xctest"; sourceTree = BUILT_PRODUCTS_DIR; };
		240DD1261DE531B100F68A28 /* locationTrackTestTests.swift */ = {isa = PBXFileReference; lastKnownFileType = sourcecode.swift; path = locationTrackTestTests.swift; sourceTree = "<group>"; };
		240DD1281DE531B100F68A28 /* Info.plist */ = {isa = PBXFileReference; lastKnownFileType = text.plist.xml; path = Info.plist; sourceTree = "<group>"; };
		240DD12D1DE531B100F68A28 /* Trail LabUITests.xctest */ = {isa = PBXFileReference; explicitFileType = wrapper.cfbundle; includeInIndex = 0; path = "Trail LabUITests.xctest"; sourceTree = BUILT_PRODUCTS_DIR; };
		240DD1311DE531B100F68A28 /* locationTrackTestUITests.swift */ = {isa = PBXFileReference; lastKnownFileType = sourcecode.swift; path = locationTrackTestUITests.swift; sourceTree = "<group>"; };
		240DD1331DE531B100F68A28 /* Info.plist */ = {isa = PBXFileReference; lastKnownFileType = text.plist.xml; path = Info.plist; sourceTree = "<group>"; };
		240DD1401DECE1DF00F68A28 /* MapKit.framework */ = {isa = PBXFileReference; lastKnownFileType = wrapper.framework; name = MapKit.framework; path = System/Library/Frameworks/MapKit.framework; sourceTree = SDKROOT; };
		240DD1441DED025A00F68A28 /* ObjectColors.swift */ = {isa = PBXFileReference; fileEncoding = 4; lastKnownFileType = sourcecode.swift; name = ObjectColors.swift; path = ../ObjectColors.swift; sourceTree = "<group>"; };
		240DD1461DED193100F68A28 /* Map.swift */ = {isa = PBXFileReference; fileEncoding = 4; lastKnownFileType = sourcecode.swift; path = Map.swift; sourceTree = "<group>"; };
		245038661E31CCBE00CF1707 /* PopUpActivityDon.swift */ = {isa = PBXFileReference; fileEncoding = 4; lastKnownFileType = sourcecode.swift; path = PopUpActivityDon.swift; sourceTree = "<group>"; };
		245038681E32B3A700CF1707 /* CountDownVC.swift */ = {isa = PBXFileReference; fileEncoding = 4; lastKnownFileType = sourcecode.swift; path = CountDownVC.swift; sourceTree = "<group>"; };
		2466AC9E1DFE1010001331DD /* CoreDataStack.swift */ = {isa = PBXFileReference; fileEncoding = 4; lastKnownFileType = sourcecode.swift; path = CoreDataStack.swift; sourceTree = "<group>"; };
		2466ACA11DFE1300001331DD /* DataBaseModel.xcdatamodel */ = {isa = PBXFileReference; lastKnownFileType = wrapper.xcdatamodel; path = DataBaseModel.xcdatamodel; sourceTree = "<group>"; };
		2496668F1E41694C009335E2 /* TracksVC.swift */ = {isa = PBXFileReference; fileEncoding = 4; lastKnownFileType = sourcecode.swift; path = TracksVC.swift; sourceTree = "<group>"; };
		249666911E42BA4F009335E2 /* ProfileVC.swift */ = {isa = PBXFileReference; fileEncoding = 4; lastKnownFileType = sourcecode.swift; path = ProfileVC.swift; sourceTree = "<group>"; };
		249C0BA61E7C7B810088329D /* TrailsAnnotation.swift */ = {isa = PBXFileReference; fileEncoding = 4; lastKnownFileType = sourcecode.swift; path = TrailsAnnotation.swift; sourceTree = "<group>"; };
		24B0C4551E6A452E00166FB8 /* TracksVCCellTableViewCell.swift */ = {isa = PBXFileReference; fileEncoding = 4; lastKnownFileType = sourcecode.swift; path = TracksVCCellTableViewCell.swift; sourceTree = "<group>"; };
		24BAB1DC1E57A41E00E32E74 /* GoogleService-Info.plist */ = {isa = PBXFileReference; fileEncoding = 4; lastKnownFileType = text.plist.xml; path = "GoogleService-Info.plist"; sourceTree = "<group>"; };
		24BAB1E41E57B69400E32E74 /* SignUpVC.swift */ = {isa = PBXFileReference; fileEncoding = 4; lastKnownFileType = sourcecode.swift; path = SignUpVC.swift; sourceTree = "<group>"; };
		24BAB1E61E57B6B100E32E74 /* LogInVC.swift */ = {isa = PBXFileReference; fileEncoding = 4; lastKnownFileType = sourcecode.swift; path = LogInVC.swift; sourceTree = "<group>"; };
		24BAB1E81E57B6CB00E32E74 /* ResetPasswordVC.swift */ = {isa = PBXFileReference; fileEncoding = 4; lastKnownFileType = sourcecode.swift; path = ResetPasswordVC.swift; sourceTree = "<group>"; };
		24BAB1EC1E5D0ACD00E32E74 /* EditProfileVC.swift */ = {isa = PBXFileReference; fileEncoding = 4; lastKnownFileType = sourcecode.swift; path = EditProfileVC.swift; sourceTree = "<group>"; };
		24C9345D1E7376DB0022E40E /* CellOutletFromProfileVC.swift */ = {isa = PBXFileReference; fileEncoding = 4; lastKnownFileType = sourcecode.swift; path = CellOutletFromProfileVC.swift; sourceTree = "<group>"; };
		24D1BFC81E4A961C007151E8 /* Methods.swift */ = {isa = PBXFileReference; fileEncoding = 4; lastKnownFileType = sourcecode.swift; path = Methods.swift; sourceTree = "<group>"; };
		24D1BFCA1E4A9FE0007151E8 /* HealtKitManager.swift */ = {isa = PBXFileReference; fileEncoding = 4; lastKnownFileType = sourcecode.swift; path = HealtKitManager.swift; sourceTree = "<group>"; };
		24D1BFCC1E4D4691007151E8 /* viewSlider.swift */ = {isa = PBXFileReference; fileEncoding = 4; lastKnownFileType = sourcecode.swift; path = viewSlider.swift; sourceTree = "<group>"; };
		24F114D81E7B47F200269D69 /* TracksMapVC.swift */ = {isa = PBXFileReference; fileEncoding = 4; lastKnownFileType = sourcecode.swift; path = TracksMapVC.swift; sourceTree = "<group>"; };
		24F9D0341E79F091008BE044 /* Main.storyboard */ = {isa = PBXFileReference; fileEncoding = 4; lastKnownFileType = file.storyboard; path = Main.storyboard; sourceTree = "<group>"; };
		24F9D0361E79FE89008BE044 /* activDetiledVC.swift */ = {isa = PBXFileReference; fileEncoding = 4; lastKnownFileType = sourcecode.swift; path = activDetiledVC.swift; sourceTree = "<group>"; };
		24FFF3FC1DFDCE5B0088B86C /* sportIcons.xcassets */ = {isa = PBXFileReference; lastKnownFileType = folder.assetcatalog; name = sportIcons.xcassets; path = ../sportIcons.xcassets; sourceTree = "<group>"; };
		24FFF3FE1DFDD4030088B86C /* StartStopButton.swift */ = {isa = PBXFileReference; fileEncoding = 4; lastKnownFileType = sourcecode.swift; path = StartStopButton.swift; sourceTree = "<group>"; };
		24FFF4001DFDE4420088B86C /* Varebles.swift */ = {isa = PBXFileReference; fileEncoding = 4; lastKnownFileType = sourcecode.swift; path = Varebles.swift; sourceTree = "<group>"; };
		2A703A922F5FDDBA43E7B343 /* Pods_Trail_Lab.framework */ = {isa = PBXFileReference; explicitFileType = wrapper.framework; includeInIndex = 0; path = Pods_Trail_Lab.framework; sourceTree = BUILT_PRODUCTS_DIR; };
		475C3647A2677C3468E70ECD /* Pods-Trail LabUITests.release.xcconfig */ = {isa = PBXFileReference; includeInIndex = 1; lastKnownFileType = text.xcconfig; name = "Pods-Trail LabUITests.release.xcconfig"; path = "Pods/Target Support Files/Pods-Trail LabUITests/Pods-Trail LabUITests.release.xcconfig"; sourceTree = "<group>"; };
		4FF0EB63D00301F88904FA71 /* Pods-Trail LabTests.release.xcconfig */ = {isa = PBXFileReference; includeInIndex = 1; lastKnownFileType = text.xcconfig; name = "Pods-Trail LabTests.release.xcconfig"; path = "Pods/Target Support Files/Pods-Trail LabTests/Pods-Trail LabTests.release.xcconfig"; sourceTree = "<group>"; };
		8B3C0A760A8070FDD761DE73 /* Pods-Trail LabUITests.debug.xcconfig */ = {isa = PBXFileReference; includeInIndex = 1; lastKnownFileType = text.xcconfig; name = "Pods-Trail LabUITests.debug.xcconfig"; path = "Pods/Target Support Files/Pods-Trail LabUITests/Pods-Trail LabUITests.debug.xcconfig"; sourceTree = "<group>"; };
		E226DFBC60350907CA908629 /* Pods-Trail LabTests.debug.xcconfig */ = {isa = PBXFileReference; includeInIndex = 1; lastKnownFileType = text.xcconfig; name = "Pods-Trail LabTests.debug.xcconfig"; path = "Pods/Target Support Files/Pods-Trail LabTests/Pods-Trail LabTests.debug.xcconfig"; sourceTree = "<group>"; };
		F0A409083FD8553DA47F61EF /* Pods_Trail_LabUITests.framework */ = {isa = PBXFileReference; explicitFileType = wrapper.framework; includeInIndex = 0; path = Pods_Trail_LabUITests.framework; sourceTree = BUILT_PRODUCTS_DIR; };
		F4ED82F29371654DBC86047E /* Pods-Trail Lab.debug.xcconfig */ = {isa = PBXFileReference; includeInIndex = 1; lastKnownFileType = text.xcconfig; name = "Pods-Trail Lab.debug.xcconfig"; path = "Pods/Target Support Files/Pods-Trail Lab/Pods-Trail Lab.debug.xcconfig"; sourceTree = "<group>"; };
		FF6451F1AE36B752B245C83F /* Pods-Trail Lab.release.xcconfig */ = {isa = PBXFileReference; includeInIndex = 1; lastKnownFileType = text.xcconfig; name = "Pods-Trail Lab.release.xcconfig"; path = "Pods/Target Support Files/Pods-Trail Lab/Pods-Trail Lab.release.xcconfig"; sourceTree = "<group>"; };
/* End PBXFileReference section */

/* Begin PBXFrameworksBuildPhase section */
		240DD10B1DE531B100F68A28 /* Frameworks */ = {
			isa = PBXFrameworksBuildPhase;
			buildActionMask = 2147483647;
			files = (
				240DD1411DECE1DF00F68A28 /* MapKit.framework in Frameworks */,
				A02481C96DE08DEA9266F5C5 /* Pods_Trail_Lab.framework in Frameworks */,
			);
			runOnlyForDeploymentPostprocessing = 0;
		};
		240DD11F1DE531B100F68A28 /* Frameworks */ = {
			isa = PBXFrameworksBuildPhase;
			buildActionMask = 2147483647;
			files = (
				5ACAE325AE16124BBB301FEF /* Pods_Trail_LabTests.framework in Frameworks */,
			);
			runOnlyForDeploymentPostprocessing = 0;
		};
		240DD12A1DE531B100F68A28 /* Frameworks */ = {
			isa = PBXFrameworksBuildPhase;
			buildActionMask = 2147483647;
			files = (
				BBEC68F0C50046EF8775827C /* Pods_Trail_LabUITests.framework in Frameworks */,
			);
			runOnlyForDeploymentPostprocessing = 0;
		};
/* End PBXFrameworksBuildPhase section */

/* Begin PBXGroup section */
		240DD1051DE531B100F68A28 = {
			isa = PBXGroup;
			children = (
				240DD1101DE531B100F68A28 /* Trail Lab */,
				240DD1251DE531B100F68A28 /* trailLabTests */,
				240DD1301DE531B100F68A28 /* trailLabUITests */,
				240DD10F1DE531B100F68A28 /* Products */,
				240DD13F1DECE1DF00F68A28 /* Frameworks */,
				E8762DF1024213BFD63FF9F9 /* Pods */,
			);
			sourceTree = "<group>";
		};
		240DD10F1DE531B100F68A28 /* Products */ = {
			isa = PBXGroup;
			children = (
				240DD10E1DE531B100F68A28 /* Trail Lab.app */,
				240DD1221DE531B100F68A28 /* Trail LabTests.xctest */,
				240DD12D1DE531B100F68A28 /* Trail LabUITests.xctest */,
			);
			name = Products;
			sourceTree = "<group>";
		};
		240DD1101DE531B100F68A28 /* Trail Lab */ = {
			isa = PBXGroup;
			children = (
				240DD1111DE531B100F68A28 /* AppDelegate.swift */,
				240DD1131DE531B100F68A28 /* ViewController.swift */,
				249666911E42BA4F009335E2 /* ProfileVC.swift */,
				24BAB1EC1E5D0ACD00E32E74 /* EditProfileVC.swift */,
				24C9345D1E7376DB0022E40E /* CellOutletFromProfileVC.swift */,
				24F9D0361E79FE89008BE044 /* activDetiledVC.swift */,
				2496668F1E41694C009335E2 /* TracksVC.swift */,
				24F114D81E7B47F200269D69 /* TracksMapVC.swift */,
				249C0BA61E7C7B810088329D /* TrailsAnnotation.swift */,
				24B0C4551E6A452E00166FB8 /* TracksVCCellTableViewCell.swift */,
				245038661E31CCBE00CF1707 /* PopUpActivityDon.swift */,
				245038681E32B3A700CF1707 /* CountDownVC.swift */,
				24BAB1E61E57B6B100E32E74 /* LogInVC.swift */,
				24BAB1E41E57B69400E32E74 /* SignUpVC.swift */,
				24BAB1E81E57B6CB00E32E74 /* ResetPasswordVC.swift */,
				240DD1461DED193100F68A28 /* Map.swift */,
				240DD1441DED025A00F68A28 /* ObjectColors.swift */,
				24FFF3FE1DFDD4030088B86C /* StartStopButton.swift */,
				24D1BFCC1E4D4691007151E8 /* viewSlider.swift */,
				2466AC9E1DFE1010001331DD /* CoreDataStack.swift */,
				24FFF4001DFDE4420088B86C /* Varebles.swift */,
				24D1BFC81E4A961C007151E8 /* Methods.swift */,
				24D1BFCA1E4A9FE0007151E8 /* HealtKitManager.swift */,
				2466ACA01DFE1300001331DD /* DataBaseModel.xcdatamodeld */,
				24F9D0341E79F091008BE044 /* Main.storyboard */,
				240DD1181DE531B100F68A28 /* Assets.xcassets */,
				240DD11A1DE531B100F68A28 /* LaunchScreen.storyboard */,
				240DD11D1DE531B100F68A28 /* Info.plist */,
				24BAB1DC1E57A41E00E32E74 /* GoogleService-Info.plist */,
				24FFF3FC1DFDCE5B0088B86C /* sportIcons.xcassets */,
			);
			name = "Trail Lab";
			path = locationTrackTest;
			sourceTree = "<group>";
		};
		240DD1251DE531B100F68A28 /* trailLabTests */ = {
			isa = PBXGroup;
			children = (
				240DD1261DE531B100F68A28 /* locationTrackTestTests.swift */,
				240DD1281DE531B100F68A28 /* Info.plist */,
			);
			name = trailLabTests;
			path = locationTrackTestTests;
			sourceTree = "<group>";
		};
		240DD1301DE531B100F68A28 /* trailLabUITests */ = {
			isa = PBXGroup;
			children = (
				240DD1311DE531B100F68A28 /* locationTrackTestUITests.swift */,
				240DD1331DE531B100F68A28 /* Info.plist */,
			);
			name = trailLabUITests;
			path = locationTrackTestUITests;
			sourceTree = "<group>";
		};
		240DD13F1DECE1DF00F68A28 /* Frameworks */ = {
			isa = PBXGroup;
			children = (
				240DD1401DECE1DF00F68A28 /* MapKit.framework */,
				2A703A922F5FDDBA43E7B343 /* Pods_Trail_Lab.framework */,
				13CAB6F0E49B5742EB2726AC /* Pods_Trail_LabTests.framework */,
				F0A409083FD8553DA47F61EF /* Pods_Trail_LabUITests.framework */,
			);
			name = Frameworks;
			sourceTree = "<group>";
		};
		E8762DF1024213BFD63FF9F9 /* Pods */ = {
			isa = PBXGroup;
			children = (
				F4ED82F29371654DBC86047E /* Pods-Trail Lab.debug.xcconfig */,
				FF6451F1AE36B752B245C83F /* Pods-Trail Lab.release.xcconfig */,
				E226DFBC60350907CA908629 /* Pods-Trail LabTests.debug.xcconfig */,
				4FF0EB63D00301F88904FA71 /* Pods-Trail LabTests.release.xcconfig */,
				8B3C0A760A8070FDD761DE73 /* Pods-Trail LabUITests.debug.xcconfig */,
				475C3647A2677C3468E70ECD /* Pods-Trail LabUITests.release.xcconfig */,
			);
			name = Pods;
			sourceTree = "<group>";
		};
/* End PBXGroup section */

/* Begin PBXNativeTarget section */
		240DD10D1DE531B100F68A28 /* Trail Lab */ = {
			isa = PBXNativeTarget;
			buildConfigurationList = 240DD1361DE531B100F68A28 /* Build configuration list for PBXNativeTarget "Trail Lab" */;
			buildPhases = (
				EFB5700924CFC2F5263431E2 /* [CP] Check Pods Manifest.lock */,
				240DD10A1DE531B100F68A28 /* Sources */,
				240DD10B1DE531B100F68A28 /* Frameworks */,
				240DD10C1DE531B100F68A28 /* Resources */,
				F79F52EE3860B3C6A65E8F85 /* [CP] Embed Pods Frameworks */,
				C4760D74FBD76370B079E176 /* [CP] Copy Pods Resources */,
			);
			buildRules = (
			);
			dependencies = (
			);
			name = "Trail Lab";
			productName = locationTrackTest;
			productReference = 240DD10E1DE531B100F68A28 /* Trail Lab.app */;
			productType = "com.apple.product-type.application";
		};
		240DD1211DE531B100F68A28 /* Trail LabTests */ = {
			isa = PBXNativeTarget;
			buildConfigurationList = 240DD1391DE531B100F68A28 /* Build configuration list for PBXNativeTarget "Trail LabTests" */;
			buildPhases = (
				4693187E99016A62A77FB87A /* [CP] Check Pods Manifest.lock */,
				240DD11E1DE531B100F68A28 /* Sources */,
				240DD11F1DE531B100F68A28 /* Frameworks */,
				240DD1201DE531B100F68A28 /* Resources */,
				210DDE20C1D0FAA7E5E78A92 /* [CP] Embed Pods Frameworks */,
				DAC815525E374D165F75C095 /* [CP] Copy Pods Resources */,
			);
			buildRules = (
			);
			dependencies = (
				240DD1241DE531B100F68A28 /* PBXTargetDependency */,
			);
			name = "Trail LabTests";
			productName = locationTrackTestTests;
			productReference = 240DD1221DE531B100F68A28 /* Trail LabTests.xctest */;
			productType = "com.apple.product-type.bundle.unit-test";
		};
		240DD12C1DE531B100F68A28 /* Trail LabUITests */ = {
			isa = PBXNativeTarget;
			buildConfigurationList = 240DD13C1DE531B100F68A28 /* Build configuration list for PBXNativeTarget "Trail LabUITests" */;
			buildPhases = (
				09C38F68532F3B3F9C3F1366 /* [CP] Check Pods Manifest.lock */,
				240DD1291DE531B100F68A28 /* Sources */,
				240DD12A1DE531B100F68A28 /* Frameworks */,
				240DD12B1DE531B100F68A28 /* Resources */,
				08284622E2CB657C977D7313 /* [CP] Copy Pods Resources */,
			);
			buildRules = (
			);
			dependencies = (
				240DD12F1DE531B100F68A28 /* PBXTargetDependency */,
			);
			name = "Trail LabUITests";
			productName = locationTrackTestUITests;
			productReference = 240DD12D1DE531B100F68A28 /* Trail LabUITests.xctest */;
			productType = "com.apple.product-type.bundle.ui-testing";
		};
/* End PBXNativeTarget section */

/* Begin PBXProject section */
		240DD1061DE531B100F68A28 /* Project object */ = {
			isa = PBXProject;
			attributes = {
				LastSwiftUpdateCheck = 0810;
				LastUpgradeCheck = 0820;
				ORGANIZATIONNAME = Nika;
				TargetAttributes = {
					240DD10D1DE531B100F68A28 = {
						CreatedOnToolsVersion = 8.1;
						DevelopmentTeam = 2XJ7AA238S;
						LastSwiftMigration = 0820;
						ProvisioningStyle = Automatic;
						SystemCapabilities = {
							com.apple.BackgroundModes = {
								enabled = 1;
							};
							com.apple.Maps.iOS = {
								enabled = 0;
							};
						};
					};
					240DD1211DE531B100F68A28 = {
						CreatedOnToolsVersion = 8.1;
						DevelopmentTeam = 2XJ7AA238S;
						LastSwiftMigration = 0820;
						ProvisioningStyle = Automatic;
						TestTargetID = 240DD10D1DE531B100F68A28;
					};
					240DD12C1DE531B100F68A28 = {
						CreatedOnToolsVersion = 8.1;
						DevelopmentTeam = 2XJ7AA238S;
						LastSwiftMigration = 0820;
						ProvisioningStyle = Automatic;
						TestTargetID = 240DD10D1DE531B100F68A28;
					};
				};
			};
			buildConfigurationList = 240DD1091DE531B100F68A28 /* Build configuration list for PBXProject "Trail Lab" */;
			compatibilityVersion = "Xcode 3.2";
			developmentRegion = English;
			hasScannedForEncodings = 0;
			knownRegions = (
				en,
				Base,
			);
			mainGroup = 240DD1051DE531B100F68A28;
			productRefGroup = 240DD10F1DE531B100F68A28 /* Products */;
			projectDirPath = "";
			projectRoot = "";
			targets = (
				240DD10D1DE531B100F68A28 /* Trail Lab */,
				240DD1211DE531B100F68A28 /* Trail LabTests */,
				240DD12C1DE531B100F68A28 /* Trail LabUITests */,
			);
		};
/* End PBXProject section */

/* Begin PBXResourcesBuildPhase section */
		240DD10C1DE531B100F68A28 /* Resources */ = {
			isa = PBXResourcesBuildPhase;
			buildActionMask = 2147483647;
			files = (
				24FFF3FD1DFDCE5B0088B86C /* sportIcons.xcassets in Resources */,
				24F9D0351E79F091008BE044 /* Main.storyboard in Resources */,
				240DD11C1DE531B100F68A28 /* LaunchScreen.storyboard in Resources */,
				24BAB1DD1E57A41E00E32E74 /* GoogleService-Info.plist in Resources */,
				240DD1191DE531B100F68A28 /* Assets.xcassets in Resources */,
			);
			runOnlyForDeploymentPostprocessing = 0;
		};
		240DD1201DE531B100F68A28 /* Resources */ = {
			isa = PBXResourcesBuildPhase;
			buildActionMask = 2147483647;
			files = (
			);
			runOnlyForDeploymentPostprocessing = 0;
		};
		240DD12B1DE531B100F68A28 /* Resources */ = {
			isa = PBXResourcesBuildPhase;
			buildActionMask = 2147483647;
			files = (
			);
			runOnlyForDeploymentPostprocessing = 0;
		};
/* End PBXResourcesBuildPhase section */

/* Begin PBXShellScriptBuildPhase section */
		08284622E2CB657C977D7313 /* [CP] Copy Pods Resources */ = {
			isa = PBXShellScriptBuildPhase;
			buildActionMask = 2147483647;
			files = (
			);
			inputPaths = (
			);
			name = "[CP] Copy Pods Resources";
			outputPaths = (
			);
			runOnlyForDeploymentPostprocessing = 0;
			shellPath = /bin/sh;
			shellScript = "\"${SRCROOT}/Pods/Target Support Files/Pods-Trail LabUITests/Pods-Trail LabUITests-resources.sh\"\n";
			showEnvVarsInLog = 0;
		};
		09C38F68532F3B3F9C3F1366 /* [CP] Check Pods Manifest.lock */ = {
			isa = PBXShellScriptBuildPhase;
			buildActionMask = 2147483647;
			files = (
			);
			inputPaths = (
			);
			name = "[CP] Check Pods Manifest.lock";
			outputPaths = (
			);
			runOnlyForDeploymentPostprocessing = 0;
			shellPath = /bin/sh;
			shellScript = "diff \"${PODS_ROOT}/../Podfile.lock\" \"${PODS_ROOT}/Manifest.lock\" > /dev/null\nif [[ $? != 0 ]] ; then\n    cat << EOM\nerror: The sandbox is not in sync with the Podfile.lock. Run 'pod install' or update your CocoaPods installation.\nEOM\n    exit 1\nfi\n";
			showEnvVarsInLog = 0;
		};
		210DDE20C1D0FAA7E5E78A92 /* [CP] Embed Pods Frameworks */ = {
			isa = PBXShellScriptBuildPhase;
			buildActionMask = 2147483647;
			files = (
			);
			inputPaths = (
			);
			name = "[CP] Embed Pods Frameworks";
			outputPaths = (
			);
			runOnlyForDeploymentPostprocessing = 0;
			shellPath = /bin/sh;
			shellScript = "\"${SRCROOT}/Pods/Target Support Files/Pods-Trail LabTests/Pods-Trail LabTests-frameworks.sh\"\n";
			showEnvVarsInLog = 0;
		};
		4693187E99016A62A77FB87A /* [CP] Check Pods Manifest.lock */ = {
			isa = PBXShellScriptBuildPhase;
			buildActionMask = 2147483647;
			files = (
			);
			inputPaths = (
			);
			name = "[CP] Check Pods Manifest.lock";
			outputPaths = (
			);
			runOnlyForDeploymentPostprocessing = 0;
			shellPath = /bin/sh;
			shellScript = "diff \"${PODS_ROOT}/../Podfile.lock\" \"${PODS_ROOT}/Manifest.lock\" > /dev/null\nif [[ $? != 0 ]] ; then\n    cat << EOM\nerror: The sandbox is not in sync with the Podfile.lock. Run 'pod install' or update your CocoaPods installation.\nEOM\n    exit 1\nfi\n";
			showEnvVarsInLog = 0;
		};
		C4760D74FBD76370B079E176 /* [CP] Copy Pods Resources */ = {
			isa = PBXShellScriptBuildPhase;
			buildActionMask = 2147483647;
			files = (
			);
			inputPaths = (
			);
			name = "[CP] Copy Pods Resources";
			outputPaths = (
			);
			runOnlyForDeploymentPostprocessing = 0;
			shellPath = /bin/sh;
			shellScript = "\"${SRCROOT}/Pods/Target Support Files/Pods-Trail Lab/Pods-Trail Lab-resources.sh\"\n";
			showEnvVarsInLog = 0;
		};
		DAC815525E374D165F75C095 /* [CP] Copy Pods Resources */ = {
			isa = PBXShellScriptBuildPhase;
			buildActionMask = 2147483647;
			files = (
			);
			inputPaths = (
			);
			name = "[CP] Copy Pods Resources";
			outputPaths = (
			);
			runOnlyForDeploymentPostprocessing = 0;
			shellPath = /bin/sh;
			shellScript = "\"${SRCROOT}/Pods/Target Support Files/Pods-Trail LabTests/Pods-Trail LabTests-resources.sh\"\n";
			showEnvVarsInLog = 0;
		};
		EFB5700924CFC2F5263431E2 /* [CP] Check Pods Manifest.lock */ = {
			isa = PBXShellScriptBuildPhase;
			buildActionMask = 2147483647;
			files = (
			);
			inputPaths = (
			);
			name = "[CP] Check Pods Manifest.lock";
			outputPaths = (
			);
			runOnlyForDeploymentPostprocessing = 0;
			shellPath = /bin/sh;
			shellScript = "diff \"${PODS_ROOT}/../Podfile.lock\" \"${PODS_ROOT}/Manifest.lock\" > /dev/null\nif [[ $? != 0 ]] ; then\n    cat << EOM\nerror: The sandbox is not in sync with the Podfile.lock. Run 'pod install' or update your CocoaPods installation.\nEOM\n    exit 1\nfi\n";
			showEnvVarsInLog = 0;
		};
		F79F52EE3860B3C6A65E8F85 /* [CP] Embed Pods Frameworks */ = {
			isa = PBXShellScriptBuildPhase;
			buildActionMask = 2147483647;
			files = (
			);
			inputPaths = (
			);
			name = "[CP] Embed Pods Frameworks";
			outputPaths = (
			);
			runOnlyForDeploymentPostprocessing = 0;
			shellPath = /bin/sh;
			shellScript = "\"${SRCROOT}/Pods/Target Support Files/Pods-Trail Lab/Pods-Trail Lab-frameworks.sh\"\n";
			showEnvVarsInLog = 0;
		};
/* End PBXShellScriptBuildPhase section */

/* Begin PBXSourcesBuildPhase section */
		240DD10A1DE531B100F68A28 /* Sources */ = {
			isa = PBXSourcesBuildPhase;
			buildActionMask = 2147483647;
			files = (
				249666921E42BA4F009335E2 /* ProfileVC.swift in Sources */,
				249666901E41694C009335E2 /* TracksVC.swift in Sources */,
				2466ACA21DFE1300001331DD /* DataBaseModel.xcdatamodeld in Sources */,
				24F114D91E7B47F200269D69 /* TracksMapVC.swift in Sources */,
				2466AC9F1DFE1010001331DD /* CoreDataStack.swift in Sources */,
				240DD1451DED025A00F68A28 /* ObjectColors.swift in Sources */,
				24BAB1E91E57B6CB00E32E74 /* ResetPasswordVC.swift in Sources */,
				245038671E31CCBE00CF1707 /* PopUpActivityDon.swift in Sources */,
				24C9345E1E7376DB0022E40E /* CellOutletFromProfileVC.swift in Sources */,
				24BAB1E71E57B6B100E32E74 /* LogInVC.swift in Sources */,
				24FFF4011DFDE4420088B86C /* Varebles.swift in Sources */,
				24D1BFCB1E4A9FE0007151E8 /* HealtKitManager.swift in Sources */,
				24BAB1E51E57B69400E32E74 /* SignUpVC.swift in Sources */,
				249C0BA71E7C7B810088329D /* TrailsAnnotation.swift in Sources */,
				240DD1141DE531B100F68A28 /* ViewController.swift in Sources */,
				24D1BFCD1E4D4692007151E8 /* viewSlider.swift in Sources */,
				245038691E32B3A700CF1707 /* CountDownVC.swift in Sources */,
				240DD1471DED193100F68A28 /* Map.swift in Sources */,
				240DD1121DE531B100F68A28 /* AppDelegate.swift in Sources */,
				24D1BFC91E4A961C007151E8 /* Methods.swift in Sources */,
				24F9D0371E79FE89008BE044 /* activDetiledVC.swift in Sources */,
				24FFF3FF1DFDD4030088B86C /* StartStopButton.swift in Sources */,
				24B0C4561E6A452E00166FB8 /* TracksVCCellTableViewCell.swift in Sources */,
				24BAB1ED1E5D0ACD00E32E74 /* EditProfileVC.swift in Sources */,
			);
			runOnlyForDeploymentPostprocessing = 0;
		};
		240DD11E1DE531B100F68A28 /* Sources */ = {
			isa = PBXSourcesBuildPhase;
			buildActionMask = 2147483647;
			files = (
				240DD1271DE531B100F68A28 /* locationTrackTestTests.swift in Sources */,
			);
			runOnlyForDeploymentPostprocessing = 0;
		};
		240DD1291DE531B100F68A28 /* Sources */ = {
			isa = PBXSourcesBuildPhase;
			buildActionMask = 2147483647;
			files = (
				240DD1321DE531B100F68A28 /* locationTrackTestUITests.swift in Sources */,
			);
			runOnlyForDeploymentPostprocessing = 0;
		};
/* End PBXSourcesBuildPhase section */

/* Begin PBXTargetDependency section */
		240DD1241DE531B100F68A28 /* PBXTargetDependency */ = {
			isa = PBXTargetDependency;
			target = 240DD10D1DE531B100F68A28 /* Trail Lab */;
			targetProxy = 240DD1231DE531B100F68A28 /* PBXContainerItemProxy */;
		};
		240DD12F1DE531B100F68A28 /* PBXTargetDependency */ = {
			isa = PBXTargetDependency;
			target = 240DD10D1DE531B100F68A28 /* Trail Lab */;
			targetProxy = 240DD12E1DE531B100F68A28 /* PBXContainerItemProxy */;
		};
/* End PBXTargetDependency section */

/* Begin PBXVariantGroup section */
		240DD11A1DE531B100F68A28 /* LaunchScreen.storyboard */ = {
			isa = PBXVariantGroup;
			children = (
				240DD11B1DE531B100F68A28 /* Base */,
			);
			name = LaunchScreen.storyboard;
			sourceTree = "<group>";
		};
/* End PBXVariantGroup section */

/* Begin XCBuildConfiguration section */
		240DD1341DE531B100F68A28 /* Debug */ = {
			isa = XCBuildConfiguration;
			buildSettings = {
				ALWAYS_SEARCH_USER_PATHS = NO;
				CLANG_ANALYZER_NONNULL = YES;
				CLANG_CXX_LANGUAGE_STANDARD = "gnu++0x";
				CLANG_CXX_LIBRARY = "libc++";
				CLANG_ENABLE_MODULES = YES;
				CLANG_ENABLE_OBJC_ARC = YES;
				CLANG_WARN_BOOL_CONVERSION = YES;
				CLANG_WARN_CONSTANT_CONVERSION = YES;
				CLANG_WARN_DIRECT_OBJC_ISA_USAGE = YES_ERROR;
				CLANG_WARN_DOCUMENTATION_COMMENTS = YES;
				CLANG_WARN_EMPTY_BODY = YES;
				CLANG_WARN_ENUM_CONVERSION = YES;
				CLANG_WARN_INFINITE_RECURSION = YES;
				CLANG_WARN_INT_CONVERSION = YES;
				CLANG_WARN_OBJC_ROOT_CLASS = YES_ERROR;
				CLANG_WARN_SUSPICIOUS_MOVE = YES;
				CLANG_WARN_SUSPICIOUS_MOVES = YES;
				CLANG_WARN_UNREACHABLE_CODE = YES;
				CLANG_WARN__DUPLICATE_METHOD_MATCH = YES;
				"CODE_SIGN_IDENTITY[sdk=iphoneos*]" = "iPhone Developer";
				COPY_PHASE_STRIP = NO;
				DEBUG_INFORMATION_FORMAT = dwarf;
				ENABLE_STRICT_OBJC_MSGSEND = YES;
				ENABLE_TESTABILITY = YES;
				GCC_C_LANGUAGE_STANDARD = gnu99;
				GCC_DYNAMIC_NO_PIC = NO;
				GCC_NO_COMMON_BLOCKS = YES;
				GCC_OPTIMIZATION_LEVEL = 0;
				GCC_PREPROCESSOR_DEFINITIONS = (
					"DEBUG=1",
					"$(inherited)",
				);
				GCC_WARN_64_TO_32_BIT_CONVERSION = YES;
				GCC_WARN_ABOUT_RETURN_TYPE = YES_ERROR;
				GCC_WARN_UNDECLARED_SELECTOR = YES;
				GCC_WARN_UNINITIALIZED_AUTOS = YES_AGGRESSIVE;
				GCC_WARN_UNUSED_FUNCTION = YES;
				GCC_WARN_UNUSED_VARIABLE = YES;
				IPHONEOS_DEPLOYMENT_TARGET = 10.1;
				MTL_ENABLE_DEBUG_INFO = YES;
				ONLY_ACTIVE_ARCH = YES;
				SDKROOT = iphoneos;
				SWIFT_ACTIVE_COMPILATION_CONDITIONS = DEBUG;
				SWIFT_OPTIMIZATION_LEVEL = "-Onone";
			};
			name = Debug;
		};
		240DD1351DE531B100F68A28 /* Release */ = {
			isa = XCBuildConfiguration;
			buildSettings = {
				ALWAYS_SEARCH_USER_PATHS = NO;
				CLANG_ANALYZER_NONNULL = YES;
				CLANG_CXX_LANGUAGE_STANDARD = "gnu++0x";
				CLANG_CXX_LIBRARY = "libc++";
				CLANG_ENABLE_MODULES = YES;
				CLANG_ENABLE_OBJC_ARC = YES;
				CLANG_WARN_BOOL_CONVERSION = YES;
				CLANG_WARN_CONSTANT_CONVERSION = YES;
				CLANG_WARN_DIRECT_OBJC_ISA_USAGE = YES_ERROR;
				CLANG_WARN_DOCUMENTATION_COMMENTS = YES;
				CLANG_WARN_EMPTY_BODY = YES;
				CLANG_WARN_ENUM_CONVERSION = YES;
				CLANG_WARN_INFINITE_RECURSION = YES;
				CLANG_WARN_INT_CONVERSION = YES;
				CLANG_WARN_OBJC_ROOT_CLASS = YES_ERROR;
				CLANG_WARN_SUSPICIOUS_MOVE = YES;
				CLANG_WARN_SUSPICIOUS_MOVES = YES;
				CLANG_WARN_UNREACHABLE_CODE = YES;
				CLANG_WARN__DUPLICATE_METHOD_MATCH = YES;
				"CODE_SIGN_IDENTITY[sdk=iphoneos*]" = "iPhone Developer";
				COPY_PHASE_STRIP = NO;
				DEBUG_INFORMATION_FORMAT = "dwarf-with-dsym";
				ENABLE_NS_ASSERTIONS = NO;
				ENABLE_STRICT_OBJC_MSGSEND = YES;
				GCC_C_LANGUAGE_STANDARD = gnu99;
				GCC_NO_COMMON_BLOCKS = YES;
				GCC_WARN_64_TO_32_BIT_CONVERSION = YES;
				GCC_WARN_ABOUT_RETURN_TYPE = YES_ERROR;
				GCC_WARN_UNDECLARED_SELECTOR = YES;
				GCC_WARN_UNINITIALIZED_AUTOS = YES_AGGRESSIVE;
				GCC_WARN_UNUSED_FUNCTION = YES;
				GCC_WARN_UNUSED_VARIABLE = YES;
				IPHONEOS_DEPLOYMENT_TARGET = 10.1;
				MTL_ENABLE_DEBUG_INFO = NO;
				SDKROOT = iphoneos;
				SWIFT_OPTIMIZATION_LEVEL = "-Owholemodule";
				VALIDATE_PRODUCT = YES;
			};
			name = Release;
		};
		240DD1371DE531B100F68A28 /* Debug */ = {
			isa = XCBuildConfiguration;
			baseConfigurationReference = F4ED82F29371654DBC86047E /* Pods-Trail Lab.debug.xcconfig */;
			buildSettings = {
				ASSETCATALOG_COMPILER_APPICON_NAME = AppIcon;
				DEVELOPMENT_TEAM = 2XJ7AA238S;
				INFOPLIST_FILE = locationTrackTest/Info.plist;
				LD_RUNPATH_SEARCH_PATHS = "$(inherited) @executable_path/Frameworks";
				PRODUCT_BUNDLE_IDENTIFIER = room.traillab;
				PRODUCT_NAME = "$(TARGET_NAME)";
				SWIFT_VERSION = 3.0;
			};
			name = Debug;
		};
		240DD1381DE531B100F68A28 /* Release */ = {
			isa = XCBuildConfiguration;
			baseConfigurationReference = FF6451F1AE36B752B245C83F /* Pods-Trail Lab.release.xcconfig */;
			buildSettings = {
				ASSETCATALOG_COMPILER_APPICON_NAME = AppIcon;
				DEVELOPMENT_TEAM = 2XJ7AA238S;
				INFOPLIST_FILE = locationTrackTest/Info.plist;
				LD_RUNPATH_SEARCH_PATHS = "$(inherited) @executable_path/Frameworks";
				PRODUCT_BUNDLE_IDENTIFIER = room.traillab;
				PRODUCT_NAME = "$(TARGET_NAME)";
				SWIFT_VERSION = 3.0;
			};
			name = Release;
		};
		240DD13A1DE531B100F68A28 /* Debug */ = {
			isa = XCBuildConfiguration;
			baseConfigurationReference = E226DFBC60350907CA908629 /* Pods-Trail LabTests.debug.xcconfig */;
			buildSettings = {
				ALWAYS_EMBED_SWIFT_STANDARD_LIBRARIES = YES;
				BUNDLE_LOADER = "$(TEST_HOST)";
				DEVELOPMENT_TEAM = 2XJ7AA238S;
				INFOPLIST_FILE = locationTrackTestTests/Info.plist;
				LD_RUNPATH_SEARCH_PATHS = "$(inherited) @executable_path/Frameworks @loader_path/Frameworks";
				PRODUCT_BUNDLE_IDENTIFIER = room.locationTrackTestTests;
				PRODUCT_NAME = "$(TARGET_NAME)";
				SWIFT_VERSION = 3.0;
				TEST_HOST = "$(BUILT_PRODUCTS_DIR)/Trail Lab.app/Trail Lab";
			};
			name = Debug;
		};
		240DD13B1DE531B100F68A28 /* Release */ = {
			isa = XCBuildConfiguration;
			baseConfigurationReference = 4FF0EB63D00301F88904FA71 /* Pods-Trail LabTests.release.xcconfig */;
			buildSettings = {
				ALWAYS_EMBED_SWIFT_STANDARD_LIBRARIES = YES;
				BUNDLE_LOADER = "$(TEST_HOST)";
				DEVELOPMENT_TEAM = 2XJ7AA238S;
				INFOPLIST_FILE = locationTrackTestTests/Info.plist;
				LD_RUNPATH_SEARCH_PATHS = "$(inherited) @executable_path/Frameworks @loader_path/Frameworks";
				PRODUCT_BUNDLE_IDENTIFIER = room.locationTrackTestTests;
				PRODUCT_NAME = "$(TARGET_NAME)";
				SWIFT_VERSION = 3.0;
				TEST_HOST = "$(BUILT_PRODUCTS_DIR)/Trail Lab.app/Trail Lab";
			};
			name = Release;
		};
		240DD13D1DE531B100F68A28 /* Debug */ = {
			isa = XCBuildConfiguration;
			baseConfigurationReference = 8B3C0A760A8070FDD761DE73 /* Pods-Trail LabUITests.debug.xcconfig */;
			buildSettings = {
				ALWAYS_EMBED_SWIFT_STANDARD_LIBRARIES = YES;
				DEVELOPMENT_TEAM = 2XJ7AA238S;
				INFOPLIST_FILE = locationTrackTestUITests/Info.plist;
				LD_RUNPATH_SEARCH_PATHS = "$(inherited) @executable_path/Frameworks @loader_path/Frameworks";
				PRODUCT_BUNDLE_IDENTIFIER = room.locationTrackTestUITests;
				PRODUCT_NAME = "$(TARGET_NAME)";
				SWIFT_VERSION = 3.0;
				TEST_TARGET_NAME = locationTrackTest;
			};
			name = Debug;
		};
		240DD13E1DE531B100F68A28 /* Release */ = {
			isa = XCBuildConfiguration;
			baseConfigurationReference = 475C3647A2677C3468E70ECD /* Pods-Trail LabUITests.release.xcconfig */;
			buildSettings = {
				ALWAYS_EMBED_SWIFT_STANDARD_LIBRARIES = YES;
				DEVELOPMENT_TEAM = 2XJ7AA238S;
				INFOPLIST_FILE = locationTrackTestUITests/Info.plist;
				LD_RUNPATH_SEARCH_PATHS = "$(inherited) @executable_path/Frameworks @loader_path/Frameworks";
				PRODUCT_BUNDLE_IDENTIFIER = room.locationTrackTestUITests;
				PRODUCT_NAME = "$(TARGET_NAME)";
				SWIFT_VERSION = 3.0;
				TEST_TARGET_NAME = locationTrackTest;
			};
			name = Release;
		};
/* End XCBuildConfiguration section */

/* Begin XCConfigurationList section */
		240DD1091DE531B100F68A28 /* Build configuration list for PBXProject "Trail Lab" */ = {
			isa = XCConfigurationList;
			buildConfigurations = (
				240DD1341DE531B100F68A28 /* Debug */,
				240DD1351DE531B100F68A28 /* Release */,
			);
			defaultConfigurationIsVisible = 0;
			defaultConfigurationName = Release;
		};
		240DD1361DE531B100F68A28 /* Build configuration list for PBXNativeTarget "Trail Lab" */ = {
			isa = XCConfigurationList;
			buildConfigurations = (
				240DD1371DE531B100F68A28 /* Debug */,
				240DD1381DE531B100F68A28 /* Release */,
			);
			defaultConfigurationIsVisible = 0;
			defaultConfigurationName = Release;
		};
		240DD1391DE531B100F68A28 /* Build configuration list for PBXNativeTarget "Trail LabTests" */ = {
			isa = XCConfigurationList;
			buildConfigurations = (
				240DD13A1DE531B100F68A28 /* Debug */,
				240DD13B1DE531B100F68A28 /* Release */,
			);
			defaultConfigurationIsVisible = 0;
			defaultConfigurationName = Release;
		};
		240DD13C1DE531B100F68A28 /* Build configuration list for PBXNativeTarget "Trail LabUITests" */ = {
			isa = XCConfigurationList;
			buildConfigurations = (
				240DD13D1DE531B100F68A28 /* Debug */,
				240DD13E1DE531B100F68A28 /* Release */,
			);
			defaultConfigurationIsVisible = 0;
			defaultConfigurationName = Release;
		};
/* End XCConfigurationList section */

/* Begin XCVersionGroup section */
		2466ACA01DFE1300001331DD /* DataBaseModel.xcdatamodeld */ = {
			isa = XCVersionGroup;
			children = (
				2466ACA11DFE1300001331DD /* DataBaseModel.xcdatamodel */,
			);
			currentVersion = 2466ACA11DFE1300001331DD /* DataBaseModel.xcdatamodel */;
			path = DataBaseModel.xcdatamodeld;
			sourceTree = "<group>";
			versionGroupType = wrapper.xcdatamodel;
		};
/* End XCVersionGroup section */
	};
	rootObject = 240DD1061DE531B100F68A28 /* Project object */;
}
