// !$*UTF8*$!
{
	archiveVersion = 1;
	classes = {
	};
	objectVersion = 52;
	objects = {

/* Begin PBXBuildFile section */
		24181365249073340072389D /* AppDelegate.swift in Sources */ = {isa = PBXBuildFile; fileRef = 24181364249073340072389D /* AppDelegate.swift */; };
		24181367249073340072389D /* SceneDelegate.swift in Sources */ = {isa = PBXBuildFile; fileRef = 24181366249073340072389D /* SceneDelegate.swift */; };
		2418136A249073340072389D /* Trail_Lab.xcdatamodeld in Sources */ = {isa = PBXBuildFile; fileRef = 24181368249073340072389D /* Trail_Lab.xcdatamodeld */; };
		2418136C249073340072389D /* ContentView.swift in Sources */ = {isa = PBXBuildFile; fileRef = 2418136B249073340072389D /* ContentView.swift */; };
		2418136E249073360072389D /* Assets.xcassets in Resources */ = {isa = PBXBuildFile; fileRef = 2418136D249073360072389D /* Assets.xcassets */; };
		24181371249073360072389D /* Preview Assets.xcassets in Resources */ = {isa = PBXBuildFile; fileRef = 24181370249073360072389D /* Preview Assets.xcassets */; };
		24181374249073360072389D /* LaunchScreen.storyboard in Resources */ = {isa = PBXBuildFile; fileRef = 24181372249073360072389D /* LaunchScreen.storyboard */; };
		2418137F249073360072389D /* Trail_LabTests.swift in Sources */ = {isa = PBXBuildFile; fileRef = 2418137E249073360072389D /* Trail_LabTests.swift */; };
		2418138A249073360072389D /* Trail_LabUITests.swift in Sources */ = {isa = PBXBuildFile; fileRef = 24181389249073360072389D /* Trail_LabUITests.swift */; };
		2418139924909AEB0072389D /* Color.swift in Sources */ = {isa = PBXBuildFile; fileRef = 2418139824909AEB0072389D /* Color.swift */; };
		2418139C24909CE00072389D /* WorkoutVIew.swift in Sources */ = {isa = PBXBuildFile; fileRef = 2418139B24909CE00072389D /* WorkoutVIew.swift */; };
		241813A12492B1990072389D /* SlideCard.swift in Sources */ = {isa = PBXBuildFile; fileRef = 241813A02492B1990072389D /* SlideCard.swift */; };
		2425195E2516900E000F1EF8 /* GraphTileWidget.swift in Sources */ = {isa = PBXBuildFile; fileRef = 2425195425168FD8000F1EF8 /* GraphTileWidget.swift */; };
		242519632516903C000F1EF8 /* ViewExtensions.swift in Sources */ = {isa = PBXBuildFile; fileRef = 245F78AF2499981A009BF67A /* ViewExtensions.swift */; };
		24251969251690F9000F1EF8 /* ActivityDataModel.swift in Sources */ = {isa = PBXBuildFile; fileRef = 24251968251690F9000F1EF8 /* ActivityDataModel.swift */; };
		2425196E25169104000F1EF8 /* ActivityDataModel.swift in Sources */ = {isa = PBXBuildFile; fileRef = 24251968251690F9000F1EF8 /* ActivityDataModel.swift */; };
		242519742516916B000F1EF8 /* HistoryDataModels.swift in Sources */ = {isa = PBXBuildFile; fileRef = 242519732516916B000F1EF8 /* HistoryDataModels.swift */; };
		2425197925169198000F1EF8 /* HistoryDataModels.swift in Sources */ = {isa = PBXBuildFile; fileRef = 242519732516916B000F1EF8 /* HistoryDataModels.swift */; };
		2425197E251691F1000F1EF8 /* FormattingExtensions.swift in Sources */ = {isa = PBXBuildFile; fileRef = 24301F2624A573570029137C /* FormattingExtensions.swift */; };
		242519832516920E000F1EF8 /* Preferences.swift in Sources */ = {isa = PBXBuildFile; fileRef = 245F78A62495E9EF009BF67A /* Preferences.swift */; };
		24251996251694A6000F1EF8 /* GraphBarsWidget.swift in Sources */ = {isa = PBXBuildFile; fileRef = 2425198C25169475000F1EF8 /* GraphBarsWidget.swift */; };
		2425199C25169577000F1EF8 /* BarGraphModel.swift in Sources */ = {isa = PBXBuildFile; fileRef = 2425199B25169577000F1EF8 /* BarGraphModel.swift */; };
		242519A125169579000F1EF8 /* BarGraphModel.swift in Sources */ = {isa = PBXBuildFile; fileRef = 2425199B25169577000F1EF8 /* BarGraphModel.swift */; };
		242519AB25169C20000F1EF8 /* BarView.swift in Sources */ = {isa = PBXBuildFile; fileRef = 245DF9C724B6A65C001345C5 /* BarView.swift */; };
		242519B12516A1A3000F1EF8 /* GraphBackgroundView.swift in Sources */ = {isa = PBXBuildFile; fileRef = 242519B02516A1A3000F1EF8 /* GraphBackgroundView.swift */; };
		242519B22516A1A3000F1EF8 /* GraphBackgroundView.swift in Sources */ = {isa = PBXBuildFile; fileRef = 242519B02516A1A3000F1EF8 /* GraphBackgroundView.swift */; };
		24301F2124A2E22D0029137C /* PedometerManager.swift in Sources */ = {isa = PBXBuildFile; fileRef = 24301F2024A2E22D0029137C /* PedometerManager.swift */; };
		24301F2324A512070029137C /* ViewModifiers.swift in Sources */ = {isa = PBXBuildFile; fileRef = 24301F2224A512070029137C /* ViewModifiers.swift */; };
		24301F2524A516880029137C /* ImageExtensions.swift in Sources */ = {isa = PBXBuildFile; fileRef = 24301F2424A516880029137C /* ImageExtensions.swift */; };
		24301F2724A573570029137C /* FormattingExtensions.swift in Sources */ = {isa = PBXBuildFile; fileRef = 24301F2624A573570029137C /* FormattingExtensions.swift */; };
		243F493424C39AE300FB9E35 /* SingleActivityStatsView.swift in Sources */ = {isa = PBXBuildFile; fileRef = 243F493324C39AE300FB9E35 /* SingleActivityStatsView.swift */; };
		243F493624C39C6F00FB9E35 /* SingleActivityTitleView.swift in Sources */ = {isa = PBXBuildFile; fileRef = 243F493524C39C6F00FB9E35 /* SingleActivityTitleView.swift */; };
		243F493A24C67AB700FB9E35 /* ProgressBar.swift in Sources */ = {isa = PBXBuildFile; fileRef = 243F493924C67AB700FB9E35 /* ProgressBar.swift */; };
		244461ED24B83A9200062194 /* GraphTile.swift in Sources */ = {isa = PBXBuildFile; fileRef = 244461EC24B83A9200062194 /* GraphTile.swift */; };
		245581092510518600503CA9 /* DateExtensions.swift in Sources */ = {isa = PBXBuildFile; fileRef = 245581082510518600503CA9 /* DateExtensions.swift */; };
		2455810C25118B3B00503CA9 /* ImagePickerController.swift in Sources */ = {isa = PBXBuildFile; fileRef = 2455810B25118B3B00503CA9 /* ImagePickerController.swift */; };
		2455810E2511935700503CA9 /* ShareImageView.swift in Sources */ = {isa = PBXBuildFile; fileRef = 2455810D2511935700503CA9 /* ShareImageView.swift */; };
		245581102511A40400503CA9 /* ShareButton.swift in Sources */ = {isa = PBXBuildFile; fileRef = 2455810F2511A40400503CA9 /* ShareButton.swift */; };
		245BDEDA2492B83E000A954A /* DragBottomSheetHandler.swift in Sources */ = {isa = PBXBuildFile; fileRef = 2418139E2492A5300072389D /* DragBottomSheetHandler.swift */; };
		245BDEDC249316E7000A954A /* StartButton.swift in Sources */ = {isa = PBXBuildFile; fileRef = 245BDEDB249316E7000A954A /* StartButton.swift */; };
		245C8D8524C7F13B00536D1D /* ActivityCell.swift in Sources */ = {isa = PBXBuildFile; fileRef = 245C8D8424C7F13B00536D1D /* ActivityCell.swift */; };
		245DF9C624B6A345001345C5 /* TrendsView.swift in Sources */ = {isa = PBXBuildFile; fileRef = 245DF9C524B6A345001345C5 /* TrendsView.swift */; };
		245DF9C824B6A65C001345C5 /* BarView.swift in Sources */ = {isa = PBXBuildFile; fileRef = 245DF9C724B6A65C001345C5 /* BarView.swift */; };
		245DF9CA24B6A809001345C5 /* GraphBars.swift in Sources */ = {isa = PBXBuildFile; fileRef = 245DF9C924B6A809001345C5 /* GraphBars.swift */; };
		245F78A52495E154009BF67A /* ActivityHandler.swift in Sources */ = {isa = PBXBuildFile; fileRef = 245F78A42495E154009BF67A /* ActivityHandler.swift */; };
		245F78A72495E9EF009BF67A /* Preferences.swift in Sources */ = {isa = PBXBuildFile; fileRef = 245F78A62495E9EF009BF67A /* Preferences.swift */; };
		245F78AB24987113009BF67A /* MapViewHandler.swift in Sources */ = {isa = PBXBuildFile; fileRef = 245F78AA24987113009BF67A /* MapViewHandler.swift */; };
		245F78AC249932E9009BF67A /* BottomCard.swift in Sources */ = {isa = PBXBuildFile; fileRef = 245F78A824986E09009BF67A /* BottomCard.swift */; };
		245F78B02499981A009BF67A /* ViewExtensions.swift in Sources */ = {isa = PBXBuildFile; fileRef = 245F78AF2499981A009BF67A /* ViewExtensions.swift */; };
		245F78B22499A3C7009BF67A /* ActivityStatsView.swift in Sources */ = {isa = PBXBuildFile; fileRef = 245F78B12499A3C7009BF67A /* ActivityStatsView.swift */; };
		245F78B5249BD402009BF67A /* HealthPermissionsHandler.swift in Sources */ = {isa = PBXBuildFile; fileRef = 245F78B4249BD402009BF67A /* HealthPermissionsHandler.swift */; };
		245F78B9249BD45F009BF67A /* HealthKit.framework in Frameworks */ = {isa = PBXBuildFile; fileRef = 245F78B8249BD45F009BF67A /* HealthKit.framework */; };
		245F78BB249BDA25009BF67A /* UserDataStore.swift in Sources */ = {isa = PBXBuildFile; fileRef = 245F78BA249BDA25009BF67A /* UserDataStore.swift */; };
		245F78BD249BDC9C009BF67A /* ActivityDataStore.swift in Sources */ = {isa = PBXBuildFile; fileRef = 245F78BC249BDC9C009BF67A /* ActivityDataStore.swift */; };
		245F78BF249D2720009BF67A /* LocationManager.swift in Sources */ = {isa = PBXBuildFile; fileRef = 245F78BE249D2720009BF67A /* LocationManager.swift */; };
		24637A8B2537EBF500BF39BC /* TrailLabOverlay.swift in Sources */ = {isa = PBXBuildFile; fileRef = 24637A8A2537EBF500BF39BC /* TrailLabOverlay.swift */; };
		24637A912538CD8100BF39BC /* StandardOverlay.swift in Sources */ = {isa = PBXBuildFile; fileRef = 24637A902538CD8100BF39BC /* StandardOverlay.swift */; };
		2475683C24C0ED2E0016FADB /* GradientPolylineRenderer.swift in Sources */ = {isa = PBXBuildFile; fileRef = 2475683B24C0ED2E0016FADB /* GradientPolylineRenderer.swift */; };
		2475683E24C0F39B0016FADB /* SingleActivityViewHandler.swift in Sources */ = {isa = PBXBuildFile; fileRef = 2475683D24C0F39B0016FADB /* SingleActivityViewHandler.swift */; };
		247AB99924BE934C0004AA49 /* ActivityMapView.swift in Sources */ = {isa = PBXBuildFile; fileRef = 247AB99824BE934C0004AA49 /* ActivityMapView.swift */; };
		247AB99B24BEA07D0004AA49 /* SingleActivityView.swift in Sources */ = {isa = PBXBuildFile; fileRef = 247AB99A24BEA07D0004AA49 /* SingleActivityView.swift */; };
		247BA1D524A6E1D2007747BC /* ActivitiesView.swift in Sources */ = {isa = PBXBuildFile; fileRef = 247BA1D424A6E1D2007747BC /* ActivitiesView.swift */; };
		247BA1D724A6E24C007747BC /* HistoryViewHandler.swift in Sources */ = {isa = PBXBuildFile; fileRef = 247BA1D624A6E24C007747BC /* HistoryViewHandler.swift */; };
		24911E612513E722000EB01F /* WidgetKit.framework in Frameworks */ = {isa = PBXBuildFile; fileRef = 24911E602513E722000EB01F /* WidgetKit.framework */; };
		24911E632513E722000EB01F /* SwiftUI.framework in Frameworks */ = {isa = PBXBuildFile; fileRef = 24911E622513E722000EB01F /* SwiftUI.framework */; };
		24911E662513E722000EB01F /* Trail_Lab_Widget.swift in Sources */ = {isa = PBXBuildFile; fileRef = 24911E652513E722000EB01F /* Trail_Lab_Widget.swift */; };
		24911E692513E726000EB01F /* Assets.xcassets in Resources */ = {isa = PBXBuildFile; fileRef = 24911E682513E726000EB01F /* Assets.xcassets */; };
		24911E6B2513E726000EB01F /* Trail_Lab_Widget.intentdefinition in Sources */ = {isa = PBXBuildFile; fileRef = 24911E672513E722000EB01F /* Trail_Lab_Widget.intentdefinition */; };
		24911E6C2513E726000EB01F /* Trail_Lab_Widget.intentdefinition in Sources */ = {isa = PBXBuildFile; fileRef = 24911E672513E722000EB01F /* Trail_Lab_Widget.intentdefinition */; };
		24911E6F2513E726000EB01F /* Trail Lab WidgetExtension.appex in Embed App Extensions */ = {isa = PBXBuildFile; fileRef = 24911E5F2513E722000EB01F /* Trail Lab WidgetExtension.appex */; settings = {ATTRIBUTES = (RemoveHeadersOnCopy, ); }; };
		24911E9B2513E8B7000EB01F /* Color.swift in Sources */ = {isa = PBXBuildFile; fileRef = 2418139824909AEB0072389D /* Color.swift */; };
		24A9142924C9260E00C9EF02 /* HealthKitManager.swift in Sources */ = {isa = PBXBuildFile; fileRef = 24A9142824C9260E00C9EF02 /* HealthKitManager.swift */; };
		24AA2EC7252D018E00E107D2 /* ShareManager.swift in Sources */ = {isa = PBXBuildFile; fileRef = 24AA2EC6252D018E00E107D2 /* ShareManager.swift */; };
		24DCCE682550ED2F00A2E7C9 /* TextWithBackgroundOverlay.swift in Sources */ = {isa = PBXBuildFile; fileRef = 24DCCE672550ED2F00A2E7C9 /* TextWithBackgroundOverlay.swift */; };
		62034118262B916200E855C3 /* Assets.xcassets in Resources */ = {isa = PBXBuildFile; fileRef = 62034117262B916200E855C3 /* Assets.xcassets */; };
		6203411F262B916200E855C3 /* Trail Lab WatchOS Extension.appex in Embed App Extensions */ = {isa = PBXBuildFile; fileRef = 6203411E262B916200E855C3 /* Trail Lab WatchOS Extension.appex */; settings = {ATTRIBUTES = (RemoveHeadersOnCopy, ); }; };
		62034124262B916200E855C3 /* Trail_LabApp.swift in Sources */ = {isa = PBXBuildFile; fileRef = 62034123262B916200E855C3 /* Trail_LabApp.swift */; };
		62034126262B916200E855C3 /* ContentView.swift in Sources */ = {isa = PBXBuildFile; fileRef = 62034125262B916200E855C3 /* ContentView.swift */; };
		62034128262B916200E855C3 /* NotificationController.swift in Sources */ = {isa = PBXBuildFile; fileRef = 62034127262B916200E855C3 /* NotificationController.swift */; };
		6203412A262B916200E855C3 /* NotificationView.swift in Sources */ = {isa = PBXBuildFile; fileRef = 62034129262B916200E855C3 /* NotificationView.swift */; };
		6203412C262B916200E855C3 /* ComplicationController.swift in Sources */ = {isa = PBXBuildFile; fileRef = 6203412B262B916200E855C3 /* ComplicationController.swift */; };
		6203412E262B916200E855C3 /* Assets.xcassets in Resources */ = {isa = PBXBuildFile; fileRef = 6203412D262B916200E855C3 /* Assets.xcassets */; };
		62034131262B916200E855C3 /* Preview Assets.xcassets in Resources */ = {isa = PBXBuildFile; fileRef = 62034130262B916200E855C3 /* Preview Assets.xcassets */; };
		62034136262B916200E855C3 /* Trail Lab WatchOS.app in Embed Watch Content */ = {isa = PBXBuildFile; fileRef = 62034115262B916100E855C3 /* Trail Lab WatchOS.app */; settings = {ATTRIBUTES = (RemoveHeadersOnCopy, ); }; };
		62034147262B93AC00E855C3 /* ActivityManagerWatchOS.swift in Sources */ = {isa = PBXBuildFile; fileRef = 62034146262B93AC00E855C3 /* ActivityManagerWatchOS.swift */; };
		6203414F262B942000E855C3 /* ActivityStartView.swift in Sources */ = {isa = PBXBuildFile; fileRef = 6203414E262B942000E855C3 /* ActivityStartView.swift */; };
		62034156262B944C00E855C3 /* Color.swift in Sources */ = {isa = PBXBuildFile; fileRef = 2418139824909AEB0072389D /* Color.swift */; };
		6203415D262B948A00E855C3 /* DateExtensions.swift in Sources */ = {isa = PBXBuildFile; fileRef = 245581082510518600503CA9 /* DateExtensions.swift */; };
		62034164262B949B00E855C3 /* FormattingExtensions.swift in Sources */ = {isa = PBXBuildFile; fileRef = 24301F2624A573570029137C /* FormattingExtensions.swift */; };
		6203416B262B94C400E855C3 /* ActivityDataModel.swift in Sources */ = {isa = PBXBuildFile; fileRef = 24251968251690F9000F1EF8 /* ActivityDataModel.swift */; };
		62034180262B951000E855C3 /* Preferences.swift in Sources */ = {isa = PBXBuildFile; fileRef = 245F78A62495E9EF009BF67A /* Preferences.swift */; };
		6203419A262B958200E855C3 /* SharedAssets.xcassets in Resources */ = {isa = PBXBuildFile; fileRef = 62034199262B958200E855C3 /* SharedAssets.xcassets */; };
		6203419B262B958200E855C3 /* SharedAssets.xcassets in Resources */ = {isa = PBXBuildFile; fileRef = 62034199262B958200E855C3 /* SharedAssets.xcassets */; };
		6203419C262B958200E855C3 /* SharedAssets.xcassets in Resources */ = {isa = PBXBuildFile; fileRef = 62034199262B958200E855C3 /* SharedAssets.xcassets */; };
		620341A5262B97A600E855C3 /* HealthKit.framework in Frameworks */ = {isa = PBXBuildFile; fileRef = 620341A4262B97A600E855C3 /* HealthKit.framework */; };
		620341B0262BA0ED00E855C3 /* InActivityView.swift in Sources */ = {isa = PBXBuildFile; fileRef = 620341AD262BA0ED00E855C3 /* InActivityView.swift */; };
		620341D1262CF1DF00E855C3 /* StatsView.swift in Sources */ = {isa = PBXBuildFile; fileRef = 620341CF262CF1DF00E855C3 /* StatsView.swift */; };
		62048782265D608000D1BFCE /* SummaryView.swift in Sources */ = {isa = PBXBuildFile; fileRef = 62048781265D607F00D1BFCE /* SummaryView.swift */; };
		62048787265D62F200D1BFCE /* MapView.swift in Sources */ = {isa = PBXBuildFile; fileRef = 245F78AD249994F7009BF67A /* MapView.swift */; };
		6218C67A263F81DA00BFFC79 /* HealthPermissionsHandler.swift in Sources */ = {isa = PBXBuildFile; fileRef = 245F78B4249BD402009BF67A /* HealthPermissionsHandler.swift */; };
		62268FB62641EC2600BA9882 /* DetailedStatsView.swift in Sources */ = {isa = PBXBuildFile; fileRef = 62268FB52641EC2600BA9882 /* DetailedStatsView.swift */; };
		622D4480263CBEC10028F039 /* LocationManager.swift in Sources */ = {isa = PBXBuildFile; fileRef = 245F78BE249D2720009BF67A /* LocationManager.swift */; };
		622D4481263F46880028F039 /* PedometerManager.swift in Sources */ = {isa = PBXBuildFile; fileRef = 24301F2024A2E22D0029137C /* PedometerManager.swift */; };
		622D4483263F47630028F039 /* ContentViewHandler.swift in Sources */ = {isa = PBXBuildFile; fileRef = 622D4482263F47630028F039 /* ContentViewHandler.swift */; };
		6284DF5B25E316F000720D56 /* SwiftUICharts in Frameworks */ = {isa = PBXBuildFile; productRef = 6284DF5A25E316F000720D56 /* SwiftUICharts */; };
		6284DF6225E3174A00720D56 /* LinearChartView.swift in Sources */ = {isa = PBXBuildFile; fileRef = 6284DF6125E3174A00720D56 /* LinearChartView.swift */; };
		628AAF48262F56C400D44A04 /* DateExtensions.swift in Sources */ = {isa = PBXBuildFile; fileRef = 245581082510518600503CA9 /* DateExtensions.swift */; };
		628AAF5B262F573D00D44A04 /* ActivityPlatter.swift in Sources */ = {isa = PBXBuildFile; fileRef = 62034172262B94E500E855C3 /* ActivityPlatter.swift */; };
		62FBCD5E269A46A6007103E8 /* ControlsView.swift in Sources */ = {isa = PBXBuildFile; fileRef = 62FBCD5D269A46A6007103E8 /* ControlsView.swift */; };
/* End PBXBuildFile section */

/* Begin PBXContainerItemProxy section */
		2418137B249073360072389D /* PBXContainerItemProxy */ = {
			isa = PBXContainerItemProxy;
			containerPortal = 24181359249073340072389D /* Project object */;
			proxyType = 1;
			remoteGlobalIDString = 24181360249073340072389D;
			remoteInfo = "Trail Lab";
		};
		24181386249073360072389D /* PBXContainerItemProxy */ = {
			isa = PBXContainerItemProxy;
			containerPortal = 24181359249073340072389D /* Project object */;
			proxyType = 1;
			remoteGlobalIDString = 24181360249073340072389D;
			remoteInfo = "Trail Lab";
		};
		24911E6D2513E726000EB01F /* PBXContainerItemProxy */ = {
			isa = PBXContainerItemProxy;
			containerPortal = 24181359249073340072389D /* Project object */;
			proxyType = 1;
			remoteGlobalIDString = 24911E5E2513E722000EB01F;
			remoteInfo = "Trail Lab WidgetExtension";
		};
		62034120262B916200E855C3 /* PBXContainerItemProxy */ = {
			isa = PBXContainerItemProxy;
			containerPortal = 24181359249073340072389D /* Project object */;
			proxyType = 1;
			remoteGlobalIDString = 6203411D262B916200E855C3;
			remoteInfo = "Trail Lab WatchOS Extension";
		};
		62034134262B916200E855C3 /* PBXContainerItemProxy */ = {
			isa = PBXContainerItemProxy;
			containerPortal = 24181359249073340072389D /* Project object */;
			proxyType = 1;
			remoteGlobalIDString = 62034114262B916100E855C3;
			remoteInfo = "Trail Lab WatchOS";
		};
/* End PBXContainerItemProxy section */

/* Begin PBXCopyFilesBuildPhase section */
		24911E702513E726000EB01F /* Embed App Extensions */ = {
			isa = PBXCopyFilesBuildPhase;
			buildActionMask = 2147483647;
			dstPath = "";
			dstSubfolderSpec = 13;
			files = (
				24911E6F2513E726000EB01F /* Trail Lab WidgetExtension.appex in Embed App Extensions */,
			);
			name = "Embed App Extensions";
			runOnlyForDeploymentPostprocessing = 0;
		};
		62034137262B916200E855C3 /* Embed Watch Content */ = {
			isa = PBXCopyFilesBuildPhase;
			buildActionMask = 2147483647;
			dstPath = "$(CONTENTS_FOLDER_PATH)/Watch";
			dstSubfolderSpec = 16;
			files = (
				62034136262B916200E855C3 /* Trail Lab WatchOS.app in Embed Watch Content */,
			);
			name = "Embed Watch Content";
			runOnlyForDeploymentPostprocessing = 0;
		};
		6203413A262B916200E855C3 /* Embed App Extensions */ = {
			isa = PBXCopyFilesBuildPhase;
			buildActionMask = 2147483647;
			dstPath = "";
			dstSubfolderSpec = 13;
			files = (
				6203411F262B916200E855C3 /* Trail Lab WatchOS Extension.appex in Embed App Extensions */,
			);
			name = "Embed App Extensions";
			runOnlyForDeploymentPostprocessing = 0;
		};
/* End PBXCopyFilesBuildPhase section */

/* Begin PBXFileReference section */
		24181361249073340072389D /* Trail Lab.app */ = {isa = PBXFileReference; explicitFileType = wrapper.application; includeInIndex = 0; path = "Trail Lab.app"; sourceTree = BUILT_PRODUCTS_DIR; };
		24181364249073340072389D /* AppDelegate.swift */ = {isa = PBXFileReference; lastKnownFileType = sourcecode.swift; path = AppDelegate.swift; sourceTree = "<group>"; };
		24181366249073340072389D /* SceneDelegate.swift */ = {isa = PBXFileReference; lastKnownFileType = sourcecode.swift; path = SceneDelegate.swift; sourceTree = "<group>"; };
		24181369249073340072389D /* Trail_Lab.xcdatamodel */ = {isa = PBXFileReference; lastKnownFileType = wrapper.xcdatamodel; path = Trail_Lab.xcdatamodel; sourceTree = "<group>"; };
		2418136B249073340072389D /* ContentView.swift */ = {isa = PBXFileReference; lastKnownFileType = sourcecode.swift; path = ContentView.swift; sourceTree = "<group>"; };
		2418136D249073360072389D /* Assets.xcassets */ = {isa = PBXFileReference; lastKnownFileType = folder.assetcatalog; path = Assets.xcassets; sourceTree = "<group>"; };
		24181370249073360072389D /* Preview Assets.xcassets */ = {isa = PBXFileReference; lastKnownFileType = folder.assetcatalog; path = "Preview Assets.xcassets"; sourceTree = "<group>"; };
		24181373249073360072389D /* Base */ = {isa = PBXFileReference; lastKnownFileType = file.storyboard; name = Base; path = Base.lproj/LaunchScreen.storyboard; sourceTree = "<group>"; };
		24181375249073360072389D /* Info.plist */ = {isa = PBXFileReference; lastKnownFileType = text.plist.xml; path = Info.plist; sourceTree = "<group>"; };
		2418137A249073360072389D /* Trail LabTests.xctest */ = {isa = PBXFileReference; explicitFileType = wrapper.cfbundle; includeInIndex = 0; path = "Trail LabTests.xctest"; sourceTree = BUILT_PRODUCTS_DIR; };
		2418137E249073360072389D /* Trail_LabTests.swift */ = {isa = PBXFileReference; lastKnownFileType = sourcecode.swift; path = Trail_LabTests.swift; sourceTree = "<group>"; };
		24181380249073360072389D /* Info.plist */ = {isa = PBXFileReference; lastKnownFileType = text.plist.xml; path = Info.plist; sourceTree = "<group>"; };
		24181385249073360072389D /* Trail LabUITests.xctest */ = {isa = PBXFileReference; explicitFileType = wrapper.cfbundle; includeInIndex = 0; path = "Trail LabUITests.xctest"; sourceTree = BUILT_PRODUCTS_DIR; };
		24181389249073360072389D /* Trail_LabUITests.swift */ = {isa = PBXFileReference; lastKnownFileType = sourcecode.swift; path = Trail_LabUITests.swift; sourceTree = "<group>"; };
		2418138B249073360072389D /* Info.plist */ = {isa = PBXFileReference; lastKnownFileType = text.plist.xml; path = Info.plist; sourceTree = "<group>"; };
		2418139824909AEB0072389D /* Color.swift */ = {isa = PBXFileReference; lastKnownFileType = sourcecode.swift; path = Color.swift; sourceTree = "<group>"; };
		2418139B24909CE00072389D /* WorkoutVIew.swift */ = {isa = PBXFileReference; lastKnownFileType = sourcecode.swift; path = WorkoutVIew.swift; sourceTree = "<group>"; };
		2418139E2492A5300072389D /* DragBottomSheetHandler.swift */ = {isa = PBXFileReference; lastKnownFileType = sourcecode.swift; path = DragBottomSheetHandler.swift; sourceTree = "<group>"; };
		241813A02492B1990072389D /* SlideCard.swift */ = {isa = PBXFileReference; lastKnownFileType = sourcecode.swift; path = SlideCard.swift; sourceTree = "<group>"; };
		2425195425168FD8000F1EF8 /* GraphTileWidget.swift */ = {isa = PBXFileReference; lastKnownFileType = sourcecode.swift; path = GraphTileWidget.swift; sourceTree = "<group>"; };
		24251968251690F9000F1EF8 /* ActivityDataModel.swift */ = {isa = PBXFileReference; lastKnownFileType = sourcecode.swift; path = ActivityDataModel.swift; sourceTree = "<group>"; };
		242519732516916B000F1EF8 /* HistoryDataModels.swift */ = {isa = PBXFileReference; lastKnownFileType = sourcecode.swift; path = HistoryDataModels.swift; sourceTree = "<group>"; };
		2425198C25169475000F1EF8 /* GraphBarsWidget.swift */ = {isa = PBXFileReference; lastKnownFileType = sourcecode.swift; path = GraphBarsWidget.swift; sourceTree = "<group>"; };
		2425199B25169577000F1EF8 /* BarGraphModel.swift */ = {isa = PBXFileReference; lastKnownFileType = sourcecode.swift; path = BarGraphModel.swift; sourceTree = "<group>"; };
		242519B02516A1A3000F1EF8 /* GraphBackgroundView.swift */ = {isa = PBXFileReference; lastKnownFileType = sourcecode.swift; path = GraphBackgroundView.swift; sourceTree = "<group>"; };
		24301F2024A2E22D0029137C /* PedometerManager.swift */ = {isa = PBXFileReference; lastKnownFileType = sourcecode.swift; path = PedometerManager.swift; sourceTree = "<group>"; };
		24301F2224A512070029137C /* ViewModifiers.swift */ = {isa = PBXFileReference; lastKnownFileType = sourcecode.swift; path = ViewModifiers.swift; sourceTree = "<group>"; };
		24301F2424A516880029137C /* ImageExtensions.swift */ = {isa = PBXFileReference; lastKnownFileType = sourcecode.swift; path = ImageExtensions.swift; sourceTree = "<group>"; };
		24301F2624A573570029137C /* FormattingExtensions.swift */ = {isa = PBXFileReference; lastKnownFileType = sourcecode.swift; path = FormattingExtensions.swift; sourceTree = "<group>"; };
		243F493324C39AE300FB9E35 /* SingleActivityStatsView.swift */ = {isa = PBXFileReference; lastKnownFileType = sourcecode.swift; path = SingleActivityStatsView.swift; sourceTree = "<group>"; };
		243F493524C39C6F00FB9E35 /* SingleActivityTitleView.swift */ = {isa = PBXFileReference; lastKnownFileType = sourcecode.swift; path = SingleActivityTitleView.swift; sourceTree = "<group>"; };
		243F493924C67AB700FB9E35 /* ProgressBar.swift */ = {isa = PBXFileReference; lastKnownFileType = sourcecode.swift; path = ProgressBar.swift; sourceTree = "<group>"; };
		244461EC24B83A9200062194 /* GraphTile.swift */ = {isa = PBXFileReference; lastKnownFileType = sourcecode.swift; path = GraphTile.swift; sourceTree = "<group>"; };
		245581082510518600503CA9 /* DateExtensions.swift */ = {isa = PBXFileReference; lastKnownFileType = sourcecode.swift; path = DateExtensions.swift; sourceTree = "<group>"; };
		2455810B25118B3B00503CA9 /* ImagePickerController.swift */ = {isa = PBXFileReference; lastKnownFileType = sourcecode.swift; path = ImagePickerController.swift; sourceTree = "<group>"; };
		2455810D2511935700503CA9 /* ShareImageView.swift */ = {isa = PBXFileReference; lastKnownFileType = sourcecode.swift; path = ShareImageView.swift; sourceTree = "<group>"; };
		2455810F2511A40400503CA9 /* ShareButton.swift */ = {isa = PBXFileReference; lastKnownFileType = sourcecode.swift; path = ShareButton.swift; sourceTree = "<group>"; };
		245BDEDB249316E7000A954A /* StartButton.swift */ = {isa = PBXFileReference; lastKnownFileType = sourcecode.swift; path = StartButton.swift; sourceTree = "<group>"; };
		245C8D8424C7F13B00536D1D /* ActivityCell.swift */ = {isa = PBXFileReference; lastKnownFileType = sourcecode.swift; path = ActivityCell.swift; sourceTree = "<group>"; };
		245DF9C524B6A345001345C5 /* TrendsView.swift */ = {isa = PBXFileReference; lastKnownFileType = sourcecode.swift; path = TrendsView.swift; sourceTree = "<group>"; };
		245DF9C724B6A65C001345C5 /* BarView.swift */ = {isa = PBXFileReference; lastKnownFileType = sourcecode.swift; path = BarView.swift; sourceTree = "<group>"; };
		245DF9C924B6A809001345C5 /* GraphBars.swift */ = {isa = PBXFileReference; lastKnownFileType = sourcecode.swift; path = GraphBars.swift; sourceTree = "<group>"; };
		245F78A42495E154009BF67A /* ActivityHandler.swift */ = {isa = PBXFileReference; lastKnownFileType = sourcecode.swift; path = ActivityHandler.swift; sourceTree = "<group>"; };
		245F78A62495E9EF009BF67A /* Preferences.swift */ = {isa = PBXFileReference; lastKnownFileType = sourcecode.swift; path = Preferences.swift; sourceTree = "<group>"; };
		245F78A824986E09009BF67A /* BottomCard.swift */ = {isa = PBXFileReference; lastKnownFileType = sourcecode.swift; path = BottomCard.swift; sourceTree = "<group>"; };
		245F78AA24987113009BF67A /* MapViewHandler.swift */ = {isa = PBXFileReference; lastKnownFileType = sourcecode.swift; path = MapViewHandler.swift; sourceTree = "<group>"; };
		245F78AD249994F7009BF67A /* MapView.swift */ = {isa = PBXFileReference; lastKnownFileType = sourcecode.swift; path = MapView.swift; sourceTree = "<group>"; };
		245F78AF2499981A009BF67A /* ViewExtensions.swift */ = {isa = PBXFileReference; lastKnownFileType = sourcecode.swift; path = ViewExtensions.swift; sourceTree = "<group>"; };
		245F78B12499A3C7009BF67A /* ActivityStatsView.swift */ = {isa = PBXFileReference; lastKnownFileType = sourcecode.swift; path = ActivityStatsView.swift; sourceTree = "<group>"; };
		245F78B4249BD402009BF67A /* HealthPermissionsHandler.swift */ = {isa = PBXFileReference; lastKnownFileType = sourcecode.swift; path = HealthPermissionsHandler.swift; sourceTree = "<group>"; };
		245F78B6249BD45F009BF67A /* Trail Lab.entitlements */ = {isa = PBXFileReference; lastKnownFileType = text.plist.entitlements; path = "Trail Lab.entitlements"; sourceTree = "<group>"; };
		245F78B8249BD45F009BF67A /* HealthKit.framework */ = {isa = PBXFileReference; lastKnownFileType = wrapper.framework; name = HealthKit.framework; path = System/Library/Frameworks/HealthKit.framework; sourceTree = SDKROOT; };
		245F78BA249BDA25009BF67A /* UserDataStore.swift */ = {isa = PBXFileReference; lastKnownFileType = sourcecode.swift; path = UserDataStore.swift; sourceTree = "<group>"; };
		245F78BC249BDC9C009BF67A /* ActivityDataStore.swift */ = {isa = PBXFileReference; lastKnownFileType = sourcecode.swift; path = ActivityDataStore.swift; sourceTree = "<group>"; };
		245F78BE249D2720009BF67A /* LocationManager.swift */ = {isa = PBXFileReference; lastKnownFileType = sourcecode.swift; path = LocationManager.swift; sourceTree = "<group>"; };
		24637A8A2537EBF500BF39BC /* TrailLabOverlay.swift */ = {isa = PBXFileReference; lastKnownFileType = sourcecode.swift; path = TrailLabOverlay.swift; sourceTree = "<group>"; };
		24637A902538CD8100BF39BC /* StandardOverlay.swift */ = {isa = PBXFileReference; lastKnownFileType = sourcecode.swift; path = StandardOverlay.swift; sourceTree = "<group>"; };
		2475683B24C0ED2E0016FADB /* GradientPolylineRenderer.swift */ = {isa = PBXFileReference; lastKnownFileType = sourcecode.swift; path = GradientPolylineRenderer.swift; sourceTree = "<group>"; };
		2475683D24C0F39B0016FADB /* SingleActivityViewHandler.swift */ = {isa = PBXFileReference; lastKnownFileType = sourcecode.swift; path = SingleActivityViewHandler.swift; sourceTree = "<group>"; };
		247AB99824BE934C0004AA49 /* ActivityMapView.swift */ = {isa = PBXFileReference; lastKnownFileType = sourcecode.swift; path = ActivityMapView.swift; sourceTree = "<group>"; };
		247AB99A24BEA07D0004AA49 /* SingleActivityView.swift */ = {isa = PBXFileReference; lastKnownFileType = sourcecode.swift; path = SingleActivityView.swift; sourceTree = "<group>"; };
		247BA1D424A6E1D2007747BC /* ActivitiesView.swift */ = {isa = PBXFileReference; lastKnownFileType = sourcecode.swift; path = ActivitiesView.swift; sourceTree = "<group>"; };
		247BA1D624A6E24C007747BC /* HistoryViewHandler.swift */ = {isa = PBXFileReference; lastKnownFileType = sourcecode.swift; path = HistoryViewHandler.swift; sourceTree = "<group>"; };
		24911E5F2513E722000EB01F /* Trail Lab WidgetExtension.appex */ = {isa = PBXFileReference; explicitFileType = "wrapper.app-extension"; includeInIndex = 0; path = "Trail Lab WidgetExtension.appex"; sourceTree = BUILT_PRODUCTS_DIR; };
		24911E602513E722000EB01F /* WidgetKit.framework */ = {isa = PBXFileReference; lastKnownFileType = wrapper.framework; name = WidgetKit.framework; path = System/Library/Frameworks/WidgetKit.framework; sourceTree = SDKROOT; };
		24911E622513E722000EB01F /* SwiftUI.framework */ = {isa = PBXFileReference; lastKnownFileType = wrapper.framework; name = SwiftUI.framework; path = System/Library/Frameworks/SwiftUI.framework; sourceTree = SDKROOT; };
		24911E652513E722000EB01F /* Trail_Lab_Widget.swift */ = {isa = PBXFileReference; lastKnownFileType = sourcecode.swift; path = Trail_Lab_Widget.swift; sourceTree = "<group>"; };
		24911E672513E722000EB01F /* Trail_Lab_Widget.intentdefinition */ = {isa = PBXFileReference; lastKnownFileType = file.intentdefinition; path = Trail_Lab_Widget.intentdefinition; sourceTree = "<group>"; };
		24911E682513E726000EB01F /* Assets.xcassets */ = {isa = PBXFileReference; lastKnownFileType = folder.assetcatalog; path = Assets.xcassets; sourceTree = "<group>"; };
		24911E6A2513E726000EB01F /* Info.plist */ = {isa = PBXFileReference; lastKnownFileType = text.plist.xml; path = Info.plist; sourceTree = "<group>"; };
		24A9142824C9260E00C9EF02 /* HealthKitManager.swift */ = {isa = PBXFileReference; lastKnownFileType = sourcecode.swift; path = HealthKitManager.swift; sourceTree = "<group>"; };
		24A9BBE9251C1BFA003D0174 /* Trail Lab WidgetExtension.entitlements */ = {isa = PBXFileReference; lastKnownFileType = text.plist.entitlements; path = "Trail Lab WidgetExtension.entitlements"; sourceTree = "<group>"; };
		24AA2EC6252D018E00E107D2 /* ShareManager.swift */ = {isa = PBXFileReference; lastKnownFileType = sourcecode.swift; path = ShareManager.swift; sourceTree = "<group>"; };
		24DCCE672550ED2F00A2E7C9 /* TextWithBackgroundOverlay.swift */ = {isa = PBXFileReference; lastKnownFileType = sourcecode.swift; path = TextWithBackgroundOverlay.swift; sourceTree = "<group>"; };
		62034115262B916100E855C3 /* Trail Lab WatchOS.app */ = {isa = PBXFileReference; explicitFileType = wrapper.application; includeInIndex = 0; path = "Trail Lab WatchOS.app"; sourceTree = BUILT_PRODUCTS_DIR; };
		62034117262B916200E855C3 /* Assets.xcassets */ = {isa = PBXFileReference; lastKnownFileType = folder.assetcatalog; path = Assets.xcassets; sourceTree = "<group>"; };
		62034119262B916200E855C3 /* Info.plist */ = {isa = PBXFileReference; lastKnownFileType = text.plist.xml; path = Info.plist; sourceTree = "<group>"; };
		6203411E262B916200E855C3 /* Trail Lab WatchOS Extension.appex */ = {isa = PBXFileReference; explicitFileType = "wrapper.app-extension"; includeInIndex = 0; path = "Trail Lab WatchOS Extension.appex"; sourceTree = BUILT_PRODUCTS_DIR; };
		62034123262B916200E855C3 /* Trail_LabApp.swift */ = {isa = PBXFileReference; lastKnownFileType = sourcecode.swift; path = Trail_LabApp.swift; sourceTree = "<group>"; };
		62034125262B916200E855C3 /* ContentView.swift */ = {isa = PBXFileReference; lastKnownFileType = sourcecode.swift; path = ContentView.swift; sourceTree = "<group>"; };
		62034127262B916200E855C3 /* NotificationController.swift */ = {isa = PBXFileReference; lastKnownFileType = sourcecode.swift; path = NotificationController.swift; sourceTree = "<group>"; };
		62034129262B916200E855C3 /* NotificationView.swift */ = {isa = PBXFileReference; lastKnownFileType = sourcecode.swift; path = NotificationView.swift; sourceTree = "<group>"; };
		6203412B262B916200E855C3 /* ComplicationController.swift */ = {isa = PBXFileReference; lastKnownFileType = sourcecode.swift; path = ComplicationController.swift; sourceTree = "<group>"; };
		6203412D262B916200E855C3 /* Assets.xcassets */ = {isa = PBXFileReference; lastKnownFileType = folder.assetcatalog; path = Assets.xcassets; sourceTree = "<group>"; };
		62034130262B916200E855C3 /* Preview Assets.xcassets */ = {isa = PBXFileReference; lastKnownFileType = folder.assetcatalog; path = "Preview Assets.xcassets"; sourceTree = "<group>"; };
		62034132262B916200E855C3 /* Info.plist */ = {isa = PBXFileReference; lastKnownFileType = text.plist.xml; path = Info.plist; sourceTree = "<group>"; };
		62034133262B916200E855C3 /* PushNotificationPayload.apns */ = {isa = PBXFileReference; lastKnownFileType = text; path = PushNotificationPayload.apns; sourceTree = "<group>"; };
		62034146262B93AC00E855C3 /* ActivityManagerWatchOS.swift */ = {isa = PBXFileReference; lastKnownFileType = sourcecode.swift; path = ActivityManagerWatchOS.swift; sourceTree = "<group>"; };
		6203414E262B942000E855C3 /* ActivityStartView.swift */ = {isa = PBXFileReference; lastKnownFileType = sourcecode.swift; path = ActivityStartView.swift; sourceTree = "<group>"; };
		62034172262B94E500E855C3 /* ActivityPlatter.swift */ = {isa = PBXFileReference; lastKnownFileType = sourcecode.swift; path = ActivityPlatter.swift; sourceTree = "<group>"; };
		62034199262B958200E855C3 /* SharedAssets.xcassets */ = {isa = PBXFileReference; lastKnownFileType = folder.assetcatalog; path = SharedAssets.xcassets; sourceTree = "<group>"; };
		620341A3262B97A600E855C3 /* Trail Lab WatchOS Extension.entitlements */ = {isa = PBXFileReference; lastKnownFileType = text.plist.entitlements; path = "Trail Lab WatchOS Extension.entitlements"; sourceTree = "<group>"; };
		620341A4262B97A600E855C3 /* HealthKit.framework */ = {isa = PBXFileReference; lastKnownFileType = wrapper.framework; name = HealthKit.framework; path = Platforms/WatchOS.platform/Developer/SDKs/WatchOS7.2.sdk/System/Library/Frameworks/HealthKit.framework; sourceTree = DEVELOPER_DIR; };
		620341AD262BA0ED00E855C3 /* InActivityView.swift */ = {isa = PBXFileReference; lastKnownFileType = sourcecode.swift; path = InActivityView.swift; sourceTree = "<group>"; };
		620341CF262CF1DF00E855C3 /* StatsView.swift */ = {isa = PBXFileReference; lastKnownFileType = sourcecode.swift; path = StatsView.swift; sourceTree = "<group>"; };
		62048781265D607F00D1BFCE /* SummaryView.swift */ = {isa = PBXFileReference; lastKnownFileType = sourcecode.swift; path = SummaryView.swift; sourceTree = "<group>"; };
		62268FB52641EC2600BA9882 /* DetailedStatsView.swift */ = {isa = PBXFileReference; lastKnownFileType = sourcecode.swift; path = DetailedStatsView.swift; sourceTree = "<group>"; };
		622D4482263F47630028F039 /* ContentViewHandler.swift */ = {isa = PBXFileReference; lastKnownFileType = sourcecode.swift; path = ContentViewHandler.swift; sourceTree = "<group>"; };
		6284DF6125E3174A00720D56 /* LinearChartView.swift */ = {isa = PBXFileReference; lastKnownFileType = sourcecode.swift; path = LinearChartView.swift; sourceTree = "<group>"; };
		62FBCD5D269A46A6007103E8 /* ControlsView.swift */ = {isa = PBXFileReference; lastKnownFileType = sourcecode.swift; path = ControlsView.swift; sourceTree = "<group>"; };
/* End PBXFileReference section */

/* Begin PBXFrameworksBuildPhase section */
		2418135E249073340072389D /* Frameworks */ = {
			isa = PBXFrameworksBuildPhase;
			buildActionMask = 2147483647;
			files = (
				6284DF5B25E316F000720D56 /* SwiftUICharts in Frameworks */,
				245F78B9249BD45F009BF67A /* HealthKit.framework in Frameworks */,
			);
			runOnlyForDeploymentPostprocessing = 0;
		};
		24181377249073360072389D /* Frameworks */ = {
			isa = PBXFrameworksBuildPhase;
			buildActionMask = 2147483647;
			files = (
			);
			runOnlyForDeploymentPostprocessing = 0;
		};
		24181382249073360072389D /* Frameworks */ = {
			isa = PBXFrameworksBuildPhase;
			buildActionMask = 2147483647;
			files = (
			);
			runOnlyForDeploymentPostprocessing = 0;
		};
		24911E5C2513E722000EB01F /* Frameworks */ = {
			isa = PBXFrameworksBuildPhase;
			buildActionMask = 2147483647;
			files = (
				24911E632513E722000EB01F /* SwiftUI.framework in Frameworks */,
				24911E612513E722000EB01F /* WidgetKit.framework in Frameworks */,
			);
			runOnlyForDeploymentPostprocessing = 0;
		};
		6203411B262B916200E855C3 /* Frameworks */ = {
			isa = PBXFrameworksBuildPhase;
			buildActionMask = 2147483647;
			files = (
				620341A5262B97A600E855C3 /* HealthKit.framework in Frameworks */,
			);
			runOnlyForDeploymentPostprocessing = 0;
		};
/* End PBXFrameworksBuildPhase section */

/* Begin PBXGroup section */
		24181358249073340072389D = {
			isa = PBXGroup;
			children = (
				24A9BBE9251C1BFA003D0174 /* Trail Lab WidgetExtension.entitlements */,
				24181363249073340072389D /* Trail Lab */,
				2418137D249073360072389D /* Trail LabTests */,
				24181388249073360072389D /* Trail LabUITests */,
				24911E642513E722000EB01F /* Trail Lab Widget */,
				62034116262B916100E855C3 /* Trail Lab WatchOS */,
				62034122262B916200E855C3 /* Trail Lab WatchOS Extension */,
				24181362249073340072389D /* Products */,
				245F78B7249BD45F009BF67A /* Frameworks */,
			);
			sourceTree = "<group>";
		};
		24181362249073340072389D /* Products */ = {
			isa = PBXGroup;
			children = (
				24181361249073340072389D /* Trail Lab.app */,
				2418137A249073360072389D /* Trail LabTests.xctest */,
				24181385249073360072389D /* Trail LabUITests.xctest */,
				24911E5F2513E722000EB01F /* Trail Lab WidgetExtension.appex */,
				62034115262B916100E855C3 /* Trail Lab WatchOS.app */,
				6203411E262B916200E855C3 /* Trail Lab WatchOS Extension.appex */,
			);
			name = Products;
			sourceTree = "<group>";
		};
		24181363249073340072389D /* Trail Lab */ = {
			isa = PBXGroup;
			children = (
				245F78B6249BD45F009BF67A /* Trail Lab.entitlements */,
				24181364249073340072389D /* AppDelegate.swift */,
				24181366249073340072389D /* SceneDelegate.swift */,
				2418136B249073340072389D /* ContentView.swift */,
				2418139A24909C960072389D /* MainView */,
				245DF9C424B6A326001345C5 /* Trends */,
				6284DF6025E3171C00720D56 /* Graphs */,
				2418139D2492A5150072389D /* View Handlers */,
				247AB99724BE931B0004AA49 /* Single Activitie */,
				245F78B3249BD3C5009BF67A /* Helpers */,
				2418139724909ACF0072389D /* Utils */,
				2455810A25118B1500503CA9 /* Share */,
				2418136D249073360072389D /* Assets.xcassets */,
				24181372249073360072389D /* LaunchScreen.storyboard */,
				24181375249073360072389D /* Info.plist */,
				24181368249073340072389D /* Trail_Lab.xcdatamodeld */,
				2418136F249073360072389D /* Preview Content */,
			);
			path = "Trail Lab";
			sourceTree = "<group>";
		};
		2418136F249073360072389D /* Preview Content */ = {
			isa = PBXGroup;
			children = (
				24181370249073360072389D /* Preview Assets.xcassets */,
			);
			path = "Preview Content";
			sourceTree = "<group>";
		};
		2418137D249073360072389D /* Trail LabTests */ = {
			isa = PBXGroup;
			children = (
				2418137E249073360072389D /* Trail_LabTests.swift */,
				24181380249073360072389D /* Info.plist */,
			);
			path = "Trail LabTests";
			sourceTree = "<group>";
		};
		24181388249073360072389D /* Trail LabUITests */ = {
			isa = PBXGroup;
			children = (
				24181389249073360072389D /* Trail_LabUITests.swift */,
				2418138B249073360072389D /* Info.plist */,
			);
			path = "Trail LabUITests";
			sourceTree = "<group>";
		};
		2418139724909ACF0072389D /* Utils */ = {
			isa = PBXGroup;
			children = (
				2418139824909AEB0072389D /* Color.swift */,
				245F78A62495E9EF009BF67A /* Preferences.swift */,
				245F78AF2499981A009BF67A /* ViewExtensions.swift */,
				24301F2424A516880029137C /* ImageExtensions.swift */,
				24301F2224A512070029137C /* ViewModifiers.swift */,
				24301F2624A573570029137C /* FormattingExtensions.swift */,
				245581082510518600503CA9 /* DateExtensions.swift */,
				62034199262B958200E855C3 /* SharedAssets.xcassets */,
			);
			path = Utils;
			sourceTree = "<group>";
		};
		2418139A24909C960072389D /* MainView */ = {
			isa = PBXGroup;
			children = (
				2418139B24909CE00072389D /* WorkoutVIew.swift */,
				247BA1D424A6E1D2007747BC /* ActivitiesView.swift */,
				241813A02492B1990072389D /* SlideCard.swift */,
				245BDEDB249316E7000A954A /* StartButton.swift */,
				245F78A824986E09009BF67A /* BottomCard.swift */,
				245F78AD249994F7009BF67A /* MapView.swift */,
				245F78B12499A3C7009BF67A /* ActivityStatsView.swift */,
			);
			path = MainView;
			sourceTree = "<group>";
		};
		2418139D2492A5150072389D /* View Handlers */ = {
			isa = PBXGroup;
			children = (
				2418139E2492A5300072389D /* DragBottomSheetHandler.swift */,
				245F78A42495E154009BF67A /* ActivityHandler.swift */,
				245F78AA24987113009BF67A /* MapViewHandler.swift */,
				247BA1D624A6E24C007747BC /* HistoryViewHandler.swift */,
			);
			path = "View Handlers";
			sourceTree = "<group>";
		};
		2455810A25118B1500503CA9 /* Share */ = {
			isa = PBXGroup;
			children = (
				2455810B25118B3B00503CA9 /* ImagePickerController.swift */,
				2455810D2511935700503CA9 /* ShareImageView.swift */,
				24637A8A2537EBF500BF39BC /* TrailLabOverlay.swift */,
				24637A902538CD8100BF39BC /* StandardOverlay.swift */,
				24AA2EC6252D018E00E107D2 /* ShareManager.swift */,
				24DCCE672550ED2F00A2E7C9 /* TextWithBackgroundOverlay.swift */,
				2455810F2511A40400503CA9 /* ShareButton.swift */,
			);
			path = Share;
			sourceTree = "<group>";
		};
		245DF9C424B6A326001345C5 /* Trends */ = {
			isa = PBXGroup;
			children = (
				245DF9C524B6A345001345C5 /* TrendsView.swift */,
				245DF9C724B6A65C001345C5 /* BarView.swift */,
				245DF9C924B6A809001345C5 /* GraphBars.swift */,
				244461EC24B83A9200062194 /* GraphTile.swift */,
				242519B02516A1A3000F1EF8 /* GraphBackgroundView.swift */,
				243F493924C67AB700FB9E35 /* ProgressBar.swift */,
				245C8D8424C7F13B00536D1D /* ActivityCell.swift */,
			);
			path = Trends;
			sourceTree = "<group>";
		};
		245F78B3249BD3C5009BF67A /* Helpers */ = {
			isa = PBXGroup;
			children = (
				245F78B4249BD402009BF67A /* HealthPermissionsHandler.swift */,
				24A9142824C9260E00C9EF02 /* HealthKitManager.swift */,
				245F78BA249BDA25009BF67A /* UserDataStore.swift */,
				245F78BC249BDC9C009BF67A /* ActivityDataStore.swift */,
				245F78BE249D2720009BF67A /* LocationManager.swift */,
				24301F2024A2E22D0029137C /* PedometerManager.swift */,
				2475683D24C0F39B0016FADB /* SingleActivityViewHandler.swift */,
				24251968251690F9000F1EF8 /* ActivityDataModel.swift */,
				242519732516916B000F1EF8 /* HistoryDataModels.swift */,
				2425199B25169577000F1EF8 /* BarGraphModel.swift */,
			);
			path = Helpers;
			sourceTree = "<group>";
		};
		245F78B7249BD45F009BF67A /* Frameworks */ = {
			isa = PBXGroup;
			children = (
				620341A4262B97A600E855C3 /* HealthKit.framework */,
				245F78B8249BD45F009BF67A /* HealthKit.framework */,
				24911E602513E722000EB01F /* WidgetKit.framework */,
				24911E622513E722000EB01F /* SwiftUI.framework */,
			);
			name = Frameworks;
			sourceTree = "<group>";
		};
		247AB99724BE931B0004AA49 /* Single Activitie */ = {
			isa = PBXGroup;
			children = (
				247AB99824BE934C0004AA49 /* ActivityMapView.swift */,
				247AB99A24BEA07D0004AA49 /* SingleActivityView.swift */,
				243F493324C39AE300FB9E35 /* SingleActivityStatsView.swift */,
				243F493524C39C6F00FB9E35 /* SingleActivityTitleView.swift */,
				2475683B24C0ED2E0016FADB /* GradientPolylineRenderer.swift */,
			);
			path = "Single Activitie";
			sourceTree = "<group>";
		};
		24911E642513E722000EB01F /* Trail Lab Widget */ = {
			isa = PBXGroup;
			children = (
				24911E652513E722000EB01F /* Trail_Lab_Widget.swift */,
				2425195425168FD8000F1EF8 /* GraphTileWidget.swift */,
				2425198C25169475000F1EF8 /* GraphBarsWidget.swift */,
				24911E672513E722000EB01F /* Trail_Lab_Widget.intentdefinition */,
				24911E682513E726000EB01F /* Assets.xcassets */,
				24911E6A2513E726000EB01F /* Info.plist */,
			);
			path = "Trail Lab Widget";
			sourceTree = "<group>";
		};
		62034116262B916100E855C3 /* Trail Lab WatchOS */ = {
			isa = PBXGroup;
			children = (
				62034117262B916200E855C3 /* Assets.xcassets */,
				62034119262B916200E855C3 /* Info.plist */,
			);
			path = "Trail Lab WatchOS";
			sourceTree = "<group>";
		};
		62034122262B916200E855C3 /* Trail Lab WatchOS Extension */ = {
			isa = PBXGroup;
			children = (
				620341A3262B97A600E855C3 /* Trail Lab WatchOS Extension.entitlements */,
				62034123262B916200E855C3 /* Trail_LabApp.swift */,
				62034125262B916200E855C3 /* ContentView.swift */,
				622D4482263F47630028F039 /* ContentViewHandler.swift */,
				62034127262B916200E855C3 /* NotificationController.swift */,
				62034129262B916200E855C3 /* NotificationView.swift */,
				6203412B262B916200E855C3 /* ComplicationController.swift */,
				62034145262B938500E855C3 /* Activity */,
				6203412D262B916200E855C3 /* Assets.xcassets */,
				62034132262B916200E855C3 /* Info.plist */,
				62034133262B916200E855C3 /* PushNotificationPayload.apns */,
				6203412F262B916200E855C3 /* Preview Content */,
			);
			path = "Trail Lab WatchOS Extension";
			sourceTree = "<group>";
		};
		6203412F262B916200E855C3 /* Preview Content */ = {
			isa = PBXGroup;
			children = (
				62034130262B916200E855C3 /* Preview Assets.xcassets */,
			);
			path = "Preview Content";
			sourceTree = "<group>";
		};
		62034145262B938500E855C3 /* Activity */ = {
			isa = PBXGroup;
			children = (
				62034146262B93AC00E855C3 /* ActivityManagerWatchOS.swift */,
				6203414E262B942000E855C3 /* ActivityStartView.swift */,
				62034172262B94E500E855C3 /* ActivityPlatter.swift */,
				62048781265D607F00D1BFCE /* SummaryView.swift */,
				620341AD262BA0ED00E855C3 /* InActivityView.swift */,
				620341CF262CF1DF00E855C3 /* StatsView.swift */,
				62268FB52641EC2600BA9882 /* DetailedStatsView.swift */,
				62FBCD5D269A46A6007103E8 /* ControlsView.swift */,
			);
			path = Activity;
			sourceTree = "<group>";
		};
		6284DF6025E3171C00720D56 /* Graphs */ = {
			isa = PBXGroup;
			children = (
				6284DF6125E3174A00720D56 /* LinearChartView.swift */,
			);
			path = Graphs;
			sourceTree = "<group>";
		};
/* End PBXGroup section */

/* Begin PBXNativeTarget section */
		24181360249073340072389D /* Trail Lab */ = {
			isa = PBXNativeTarget;
			buildConfigurationList = 2418138E249073360072389D /* Build configuration list for PBXNativeTarget "Trail Lab" */;
			buildPhases = (
				2418135D249073340072389D /* Sources */,
				2418135E249073340072389D /* Frameworks */,
				2418135F249073340072389D /* Resources */,
				24911E702513E726000EB01F /* Embed App Extensions */,
				62034137262B916200E855C3 /* Embed Watch Content */,
			);
			buildRules = (
			);
			dependencies = (
				24911E6E2513E726000EB01F /* PBXTargetDependency */,
				62034135262B916200E855C3 /* PBXTargetDependency */,
			);
			name = "Trail Lab";
			packageProductDependencies = (
				6284DF5A25E316F000720D56 /* SwiftUICharts */,
			);
			productName = "Trail Lab";
			productReference = 24181361249073340072389D /* Trail Lab.app */;
			productType = "com.apple.product-type.application";
		};
		24181379249073360072389D /* Trail LabTests */ = {
			isa = PBXNativeTarget;
			buildConfigurationList = 24181391249073360072389D /* Build configuration list for PBXNativeTarget "Trail LabTests" */;
			buildPhases = (
				24181376249073360072389D /* Sources */,
				24181377249073360072389D /* Frameworks */,
				24181378249073360072389D /* Resources */,
			);
			buildRules = (
			);
			dependencies = (
				2418137C249073360072389D /* PBXTargetDependency */,
			);
			name = "Trail LabTests";
			productName = "Trail LabTests";
			productReference = 2418137A249073360072389D /* Trail LabTests.xctest */;
			productType = "com.apple.product-type.bundle.unit-test";
		};
		24181384249073360072389D /* Trail LabUITests */ = {
			isa = PBXNativeTarget;
			buildConfigurationList = 24181394249073360072389D /* Build configuration list for PBXNativeTarget "Trail LabUITests" */;
			buildPhases = (
				24181381249073360072389D /* Sources */,
				24181382249073360072389D /* Frameworks */,
				24181383249073360072389D /* Resources */,
			);
			buildRules = (
			);
			dependencies = (
				24181387249073360072389D /* PBXTargetDependency */,
			);
			name = "Trail LabUITests";
			productName = "Trail LabUITests";
			productReference = 24181385249073360072389D /* Trail LabUITests.xctest */;
			productType = "com.apple.product-type.bundle.ui-testing";
		};
		24911E5E2513E722000EB01F /* Trail Lab WidgetExtension */ = {
			isa = PBXNativeTarget;
			buildConfigurationList = 24911E732513E726000EB01F /* Build configuration list for PBXNativeTarget "Trail Lab WidgetExtension" */;
			buildPhases = (
				24911E5B2513E722000EB01F /* Sources */,
				24911E5C2513E722000EB01F /* Frameworks */,
				24911E5D2513E722000EB01F /* Resources */,
			);
			buildRules = (
			);
			dependencies = (
			);
			name = "Trail Lab WidgetExtension";
			productName = "Trail Lab WidgetExtension";
			productReference = 24911E5F2513E722000EB01F /* Trail Lab WidgetExtension.appex */;
			productType = "com.apple.product-type.app-extension";
		};
		62034114262B916100E855C3 /* Trail Lab WatchOS */ = {
			isa = PBXNativeTarget;
			buildConfigurationList = 6203413E262B916200E855C3 /* Build configuration list for PBXNativeTarget "Trail Lab WatchOS" */;
			buildPhases = (
				62034113262B916100E855C3 /* Resources */,
				6203413A262B916200E855C3 /* Embed App Extensions */,
			);
			buildRules = (
			);
			dependencies = (
				62034121262B916200E855C3 /* PBXTargetDependency */,
			);
			name = "Trail Lab WatchOS";
			productName = "Trail Lab WatchOS";
			productReference = 62034115262B916100E855C3 /* Trail Lab WatchOS.app */;
			productType = "com.apple.product-type.application.watchapp2";
		};
		6203411D262B916200E855C3 /* Trail Lab WatchOS Extension */ = {
			isa = PBXNativeTarget;
			buildConfigurationList = 6203413D262B916200E855C3 /* Build configuration list for PBXNativeTarget "Trail Lab WatchOS Extension" */;
			buildPhases = (
				6203411A262B916200E855C3 /* Sources */,
				6203411B262B916200E855C3 /* Frameworks */,
				6203411C262B916200E855C3 /* Resources */,
			);
			buildRules = (
			);
			dependencies = (
			);
			name = "Trail Lab WatchOS Extension";
			productName = "Trail Lab WatchOS Extension";
			productReference = 6203411E262B916200E855C3 /* Trail Lab WatchOS Extension.appex */;
			productType = "com.apple.product-type.watchkit2-extension";
		};
/* End PBXNativeTarget section */

/* Begin PBXProject section */
		24181359249073340072389D /* Project object */ = {
			isa = PBXProject;
			attributes = {
				LastSwiftUpdateCheck = 1240;
				LastUpgradeCheck = 1200;
				ORGANIZATIONNAME = nilka;
				TargetAttributes = {
					24181360249073340072389D = {
						CreatedOnToolsVersion = 11.5;
					};
					24181379249073360072389D = {
						CreatedOnToolsVersion = 11.5;
						TestTargetID = 24181360249073340072389D;
					};
					24181384249073360072389D = {
						CreatedOnToolsVersion = 11.5;
						TestTargetID = 24181360249073340072389D;
					};
					24911E5E2513E722000EB01F = {
						CreatedOnToolsVersion = 12.0;
					};
					62034114262B916100E855C3 = {
						CreatedOnToolsVersion = 12.4;
					};
					6203411D262B916200E855C3 = {
						CreatedOnToolsVersion = 12.4;
					};
				};
			};
			buildConfigurationList = 2418135C249073340072389D /* Build configuration list for PBXProject "Trail Lab" */;
			compatibilityVersion = "Xcode 9.3";
			developmentRegion = en;
			hasScannedForEncodings = 0;
			knownRegions = (
				en,
				Base,
			);
			mainGroup = 24181358249073340072389D;
			packageReferences = (
				6284DF5925E316F000720D56 /* XCRemoteSwiftPackageReference "ChartView" */,
			);
			productRefGroup = 24181362249073340072389D /* Products */;
			projectDirPath = "";
			projectRoot = "";
			targets = (
				24181360249073340072389D /* Trail Lab */,
				24181379249073360072389D /* Trail LabTests */,
				24181384249073360072389D /* Trail LabUITests */,
				24911E5E2513E722000EB01F /* Trail Lab WidgetExtension */,
				62034114262B916100E855C3 /* Trail Lab WatchOS */,
				6203411D262B916200E855C3 /* Trail Lab WatchOS Extension */,
			);
		};
/* End PBXProject section */

/* Begin PBXResourcesBuildPhase section */
		2418135F249073340072389D /* Resources */ = {
			isa = PBXResourcesBuildPhase;
			buildActionMask = 2147483647;
			files = (
				24181374249073360072389D /* LaunchScreen.storyboard in Resources */,
				24181371249073360072389D /* Preview Assets.xcassets in Resources */,
				2418136E249073360072389D /* Assets.xcassets in Resources */,
				6203419A262B958200E855C3 /* SharedAssets.xcassets in Resources */,
			);
			runOnlyForDeploymentPostprocessing = 0;
		};
		24181378249073360072389D /* Resources */ = {
			isa = PBXResourcesBuildPhase;
			buildActionMask = 2147483647;
			files = (
			);
			runOnlyForDeploymentPostprocessing = 0;
		};
		24181383249073360072389D /* Resources */ = {
			isa = PBXResourcesBuildPhase;
			buildActionMask = 2147483647;
			files = (
			);
			runOnlyForDeploymentPostprocessing = 0;
		};
		24911E5D2513E722000EB01F /* Resources */ = {
			isa = PBXResourcesBuildPhase;
			buildActionMask = 2147483647;
			files = (
				24911E692513E726000EB01F /* Assets.xcassets in Resources */,
				6203419B262B958200E855C3 /* SharedAssets.xcassets in Resources */,
			);
			runOnlyForDeploymentPostprocessing = 0;
		};
		62034113262B916100E855C3 /* Resources */ = {
			isa = PBXResourcesBuildPhase;
			buildActionMask = 2147483647;
			files = (
				62034118262B916200E855C3 /* Assets.xcassets in Resources */,
			);
			runOnlyForDeploymentPostprocessing = 0;
		};
		6203411C262B916200E855C3 /* Resources */ = {
			isa = PBXResourcesBuildPhase;
			buildActionMask = 2147483647;
			files = (
				6203419C262B958200E855C3 /* SharedAssets.xcassets in Resources */,
				62034131262B916200E855C3 /* Preview Assets.xcassets in Resources */,
				6203412E262B916200E855C3 /* Assets.xcassets in Resources */,
			);
			runOnlyForDeploymentPostprocessing = 0;
		};
/* End PBXResourcesBuildPhase section */

/* Begin PBXSourcesBuildPhase section */
		2418135D249073340072389D /* Sources */ = {
			isa = PBXSourcesBuildPhase;
			buildActionMask = 2147483647;
			files = (
				245DF9C824B6A65C001345C5 /* BarView.swift in Sources */,
				24251969251690F9000F1EF8 /* ActivityDataModel.swift in Sources */,
				24181365249073340072389D /* AppDelegate.swift in Sources */,
				245581102511A40400503CA9 /* ShareButton.swift in Sources */,
				245BDEDA2492B83E000A954A /* DragBottomSheetHandler.swift in Sources */,
				2418136A249073340072389D /* Trail_Lab.xcdatamodeld in Sources */,
				245F78B5249BD402009BF67A /* HealthPermissionsHandler.swift in Sources */,
				245DF9CA24B6A809001345C5 /* GraphBars.swift in Sources */,
				245C8D8524C7F13B00536D1D /* ActivityCell.swift in Sources */,
				245F78AB24987113009BF67A /* MapViewHandler.swift in Sources */,
				245F78A52495E154009BF67A /* ActivityHandler.swift in Sources */,
				6284DF6225E3174A00720D56 /* LinearChartView.swift in Sources */,
				2418139C24909CE00072389D /* WorkoutVIew.swift in Sources */,
				24911E6C2513E726000EB01F /* Trail_Lab_Widget.intentdefinition in Sources */,
				247BA1D524A6E1D2007747BC /* ActivitiesView.swift in Sources */,
				247BA1D724A6E24C007747BC /* HistoryViewHandler.swift in Sources */,
				247AB99924BE934C0004AA49 /* ActivityMapView.swift in Sources */,
				2418136C249073340072389D /* ContentView.swift in Sources */,
				242519B12516A1A3000F1EF8 /* GraphBackgroundView.swift in Sources */,
				2475683E24C0F39B0016FADB /* SingleActivityViewHandler.swift in Sources */,
				24301F2324A512070029137C /* ViewModifiers.swift in Sources */,
				24A9142924C9260E00C9EF02 /* HealthKitManager.swift in Sources */,
				2425199C25169577000F1EF8 /* BarGraphModel.swift in Sources */,
				2455810C25118B3B00503CA9 /* ImagePickerController.swift in Sources */,
				243F493424C39AE300FB9E35 /* SingleActivityStatsView.swift in Sources */,
				241813A12492B1990072389D /* SlideCard.swift in Sources */,
				24637A912538CD8100BF39BC /* StandardOverlay.swift in Sources */,
				245F78B22499A3C7009BF67A /* ActivityStatsView.swift in Sources */,
				2455810E2511935700503CA9 /* ShareImageView.swift in Sources */,
				243F493A24C67AB700FB9E35 /* ProgressBar.swift in Sources */,
				245F78BD249BDC9C009BF67A /* ActivityDataStore.swift in Sources */,
				24DCCE682550ED2F00A2E7C9 /* TextWithBackgroundOverlay.swift in Sources */,
				245581092510518600503CA9 /* DateExtensions.swift in Sources */,
				245F78BF249D2720009BF67A /* LocationManager.swift in Sources */,
				2475683C24C0ED2E0016FADB /* GradientPolylineRenderer.swift in Sources */,
				245DF9C624B6A345001345C5 /* TrendsView.swift in Sources */,
				245F78A72495E9EF009BF67A /* Preferences.swift in Sources */,
				62048787265D62F200D1BFCE /* MapView.swift in Sources */,
				243F493624C39C6F00FB9E35 /* SingleActivityTitleView.swift in Sources */,
				244461ED24B83A9200062194 /* GraphTile.swift in Sources */,
				242519742516916B000F1EF8 /* HistoryDataModels.swift in Sources */,
				245F78BB249BDA25009BF67A /* UserDataStore.swift in Sources */,
				24301F2724A573570029137C /* FormattingExtensions.swift in Sources */,
				24301F2124A2E22D0029137C /* PedometerManager.swift in Sources */,
				245BDEDC249316E7000A954A /* StartButton.swift in Sources */,
				24301F2524A516880029137C /* ImageExtensions.swift in Sources */,
				2418139924909AEB0072389D /* Color.swift in Sources */,
				24181367249073340072389D /* SceneDelegate.swift in Sources */,
				247AB99B24BEA07D0004AA49 /* SingleActivityView.swift in Sources */,
				24637A8B2537EBF500BF39BC /* TrailLabOverlay.swift in Sources */,
				245F78B02499981A009BF67A /* ViewExtensions.swift in Sources */,
				245F78AC249932E9009BF67A /* BottomCard.swift in Sources */,
				24AA2EC7252D018E00E107D2 /* ShareManager.swift in Sources */,
			);
			runOnlyForDeploymentPostprocessing = 0;
		};
		24181376249073360072389D /* Sources */ = {
			isa = PBXSourcesBuildPhase;
			buildActionMask = 2147483647;
			files = (
				2418137F249073360072389D /* Trail_LabTests.swift in Sources */,
			);
			runOnlyForDeploymentPostprocessing = 0;
		};
		24181381249073360072389D /* Sources */ = {
			isa = PBXSourcesBuildPhase;
			buildActionMask = 2147483647;
			files = (
				2418138A249073360072389D /* Trail_LabUITests.swift in Sources */,
			);
			runOnlyForDeploymentPostprocessing = 0;
		};
		24911E5B2513E722000EB01F /* Sources */ = {
			isa = PBXSourcesBuildPhase;
			buildActionMask = 2147483647;
			files = (
				2425197E251691F1000F1EF8 /* FormattingExtensions.swift in Sources */,
				2425195E2516900E000F1EF8 /* GraphTileWidget.swift in Sources */,
				242519A125169579000F1EF8 /* BarGraphModel.swift in Sources */,
				24251996251694A6000F1EF8 /* GraphBarsWidget.swift in Sources */,
				24911E662513E722000EB01F /* Trail_Lab_Widget.swift in Sources */,
				242519AB25169C20000F1EF8 /* BarView.swift in Sources */,
				2425197925169198000F1EF8 /* HistoryDataModels.swift in Sources */,
				628AAF48262F56C400D44A04 /* DateExtensions.swift in Sources */,
				2425196E25169104000F1EF8 /* ActivityDataModel.swift in Sources */,
				24911E9B2513E8B7000EB01F /* Color.swift in Sources */,
				242519632516903C000F1EF8 /* ViewExtensions.swift in Sources */,
				242519B22516A1A3000F1EF8 /* GraphBackgroundView.swift in Sources */,
				24911E6B2513E726000EB01F /* Trail_Lab_Widget.intentdefinition in Sources */,
				242519832516920E000F1EF8 /* Preferences.swift in Sources */,
			);
			runOnlyForDeploymentPostprocessing = 0;
		};
		6203411A262B916200E855C3 /* Sources */ = {
			isa = PBXSourcesBuildPhase;
			buildActionMask = 2147483647;
			files = (
				62268FB62641EC2600BA9882 /* DetailedStatsView.swift in Sources */,
				62034147262B93AC00E855C3 /* ActivityManagerWatchOS.swift in Sources */,
				6203414F262B942000E855C3 /* ActivityStartView.swift in Sources */,
				62034164262B949B00E855C3 /* FormattingExtensions.swift in Sources */,
				62034128262B916200E855C3 /* NotificationController.swift in Sources */,
				622D4480263CBEC10028F039 /* LocationManager.swift in Sources */,
				62034126262B916200E855C3 /* ContentView.swift in Sources */,
				6203412C262B916200E855C3 /* ComplicationController.swift in Sources */,
				62048782265D608000D1BFCE /* SummaryView.swift in Sources */,
				6203415D262B948A00E855C3 /* DateExtensions.swift in Sources */,
				62FBCD5E269A46A6007103E8 /* ControlsView.swift in Sources */,
				6203416B262B94C400E855C3 /* ActivityDataModel.swift in Sources */,
				622D4483263F47630028F039 /* ContentViewHandler.swift in Sources */,
				620341B0262BA0ED00E855C3 /* InActivityView.swift in Sources */,
				62034156262B944C00E855C3 /* Color.swift in Sources */,
				62034180262B951000E855C3 /* Preferences.swift in Sources */,
				620341D1262CF1DF00E855C3 /* StatsView.swift in Sources */,
				628AAF5B262F573D00D44A04 /* ActivityPlatter.swift in Sources */,
				62034124262B916200E855C3 /* Trail_LabApp.swift in Sources */,
				622D4481263F46880028F039 /* PedometerManager.swift in Sources */,
				6218C67A263F81DA00BFFC79 /* HealthPermissionsHandler.swift in Sources */,
				6203412A262B916200E855C3 /* NotificationView.swift in Sources */,
			);
			runOnlyForDeploymentPostprocessing = 0;
		};
/* End PBXSourcesBuildPhase section */

/* Begin PBXTargetDependency section */
		2418137C249073360072389D /* PBXTargetDependency */ = {
			isa = PBXTargetDependency;
			target = 24181360249073340072389D /* Trail Lab */;
			targetProxy = 2418137B249073360072389D /* PBXContainerItemProxy */;
		};
		24181387249073360072389D /* PBXTargetDependency */ = {
			isa = PBXTargetDependency;
			target = 24181360249073340072389D /* Trail Lab */;
			targetProxy = 24181386249073360072389D /* PBXContainerItemProxy */;
		};
		24911E6E2513E726000EB01F /* PBXTargetDependency */ = {
			isa = PBXTargetDependency;
			target = 24911E5E2513E722000EB01F /* Trail Lab WidgetExtension */;
			targetProxy = 24911E6D2513E726000EB01F /* PBXContainerItemProxy */;
		};
		62034121262B916200E855C3 /* PBXTargetDependency */ = {
			isa = PBXTargetDependency;
			target = 6203411D262B916200E855C3 /* Trail Lab WatchOS Extension */;
			targetProxy = 62034120262B916200E855C3 /* PBXContainerItemProxy */;
		};
		62034135262B916200E855C3 /* PBXTargetDependency */ = {
			isa = PBXTargetDependency;
			target = 62034114262B916100E855C3 /* Trail Lab WatchOS */;
			targetProxy = 62034134262B916200E855C3 /* PBXContainerItemProxy */;
		};
/* End PBXTargetDependency section */

/* Begin PBXVariantGroup section */
		24181372249073360072389D /* LaunchScreen.storyboard */ = {
			isa = PBXVariantGroup;
			children = (
				24181373249073360072389D /* Base */,
			);
			name = LaunchScreen.storyboard;
			sourceTree = "<group>";
		};
/* End PBXVariantGroup section */

/* Begin XCBuildConfiguration section */
		2418138C249073360072389D /* Debug */ = {
			isa = XCBuildConfiguration;
			buildSettings = {
				ALWAYS_SEARCH_USER_PATHS = NO;
				CLANG_ANALYZER_NONNULL = YES;
				CLANG_ANALYZER_NUMBER_OBJECT_CONVERSION = YES_AGGRESSIVE;
				CLANG_CXX_LANGUAGE_STANDARD = "gnu++14";
				CLANG_CXX_LIBRARY = "libc++";
				CLANG_ENABLE_MODULES = YES;
				CLANG_ENABLE_OBJC_ARC = YES;
				CLANG_ENABLE_OBJC_WEAK = YES;
				CLANG_WARN_BLOCK_CAPTURE_AUTORELEASING = YES;
				CLANG_WARN_BOOL_CONVERSION = YES;
				CLANG_WARN_COMMA = YES;
				CLANG_WARN_CONSTANT_CONVERSION = YES;
				CLANG_WARN_DEPRECATED_OBJC_IMPLEMENTATIONS = YES;
				CLANG_WARN_DIRECT_OBJC_ISA_USAGE = YES_ERROR;
				CLANG_WARN_DOCUMENTATION_COMMENTS = YES;
				CLANG_WARN_EMPTY_BODY = YES;
				CLANG_WARN_ENUM_CONVERSION = YES;
				CLANG_WARN_INFINITE_RECURSION = YES;
				CLANG_WARN_INT_CONVERSION = YES;
				CLANG_WARN_NON_LITERAL_NULL_CONVERSION = YES;
				CLANG_WARN_OBJC_IMPLICIT_RETAIN_SELF = YES;
				CLANG_WARN_OBJC_LITERAL_CONVERSION = YES;
				CLANG_WARN_OBJC_ROOT_CLASS = YES_ERROR;
				CLANG_WARN_QUOTED_INCLUDE_IN_FRAMEWORK_HEADER = YES;
				CLANG_WARN_RANGE_LOOP_ANALYSIS = YES;
				CLANG_WARN_STRICT_PROTOTYPES = YES;
				CLANG_WARN_SUSPICIOUS_MOVE = YES;
				CLANG_WARN_UNGUARDED_AVAILABILITY = YES_AGGRESSIVE;
				CLANG_WARN_UNREACHABLE_CODE = YES;
				CLANG_WARN__DUPLICATE_METHOD_MATCH = YES;
				COPY_PHASE_STRIP = NO;
				DEBUG_INFORMATION_FORMAT = dwarf;
				ENABLE_STRICT_OBJC_MSGSEND = YES;
				ENABLE_TESTABILITY = YES;
				GCC_C_LANGUAGE_STANDARD = gnu11;
				GCC_DYNAMIC_NO_PIC = NO;
				GCC_NO_COMMON_BLOCKS = YES;
				GCC_OPTIMIZATION_LEVEL = 0;
				GCC_PREPROCESSOR_DEFINITIONS = (
					"DEBUG=1",
					"$(inherited)",
				);
				GCC_WARN_64_TO_32_BIT_CONVERSION = YES;
				GCC_WARN_ABOUT_RETURN_TYPE = YES_ERROR;
				GCC_WARN_UNDECLARED_SELECTOR = YES;
				GCC_WARN_UNINITIALIZED_AUTOS = YES_AGGRESSIVE;
				GCC_WARN_UNUSED_FUNCTION = YES;
				GCC_WARN_UNUSED_VARIABLE = YES;
				IPHONEOS_DEPLOYMENT_TARGET = 14.1;
				MTL_ENABLE_DEBUG_INFO = INCLUDE_SOURCE;
				MTL_FAST_MATH = YES;
				ONLY_ACTIVE_ARCH = YES;
				SDKROOT = iphoneos;
				SWIFT_ACTIVE_COMPILATION_CONDITIONS = DEBUG;
				SWIFT_OPTIMIZATION_LEVEL = "-Onone";
			};
			name = Debug;
		};
		2418138D249073360072389D /* Release */ = {
			isa = XCBuildConfiguration;
			buildSettings = {
				ALWAYS_SEARCH_USER_PATHS = NO;
				CLANG_ANALYZER_NONNULL = YES;
				CLANG_ANALYZER_NUMBER_OBJECT_CONVERSION = YES_AGGRESSIVE;
				CLANG_CXX_LANGUAGE_STANDARD = "gnu++14";
				CLANG_CXX_LIBRARY = "libc++";
				CLANG_ENABLE_MODULES = YES;
				CLANG_ENABLE_OBJC_ARC = YES;
				CLANG_ENABLE_OBJC_WEAK = YES;
				CLANG_WARN_BLOCK_CAPTURE_AUTORELEASING = YES;
				CLANG_WARN_BOOL_CONVERSION = YES;
				CLANG_WARN_COMMA = YES;
				CLANG_WARN_CONSTANT_CONVERSION = YES;
				CLANG_WARN_DEPRECATED_OBJC_IMPLEMENTATIONS = YES;
				CLANG_WARN_DIRECT_OBJC_ISA_USAGE = YES_ERROR;
				CLANG_WARN_DOCUMENTATION_COMMENTS = YES;
				CLANG_WARN_EMPTY_BODY = YES;
				CLANG_WARN_ENUM_CONVERSION = YES;
				CLANG_WARN_INFINITE_RECURSION = YES;
				CLANG_WARN_INT_CONVERSION = YES;
				CLANG_WARN_NON_LITERAL_NULL_CONVERSION = YES;
				CLANG_WARN_OBJC_IMPLICIT_RETAIN_SELF = YES;
				CLANG_WARN_OBJC_LITERAL_CONVERSION = YES;
				CLANG_WARN_OBJC_ROOT_CLASS = YES_ERROR;
				CLANG_WARN_QUOTED_INCLUDE_IN_FRAMEWORK_HEADER = YES;
				CLANG_WARN_RANGE_LOOP_ANALYSIS = YES;
				CLANG_WARN_STRICT_PROTOTYPES = YES;
				CLANG_WARN_SUSPICIOUS_MOVE = YES;
				CLANG_WARN_UNGUARDED_AVAILABILITY = YES_AGGRESSIVE;
				CLANG_WARN_UNREACHABLE_CODE = YES;
				CLANG_WARN__DUPLICATE_METHOD_MATCH = YES;
				COPY_PHASE_STRIP = NO;
				DEBUG_INFORMATION_FORMAT = "dwarf-with-dsym";
				ENABLE_NS_ASSERTIONS = NO;
				ENABLE_STRICT_OBJC_MSGSEND = YES;
				GCC_C_LANGUAGE_STANDARD = gnu11;
				GCC_NO_COMMON_BLOCKS = YES;
				GCC_WARN_64_TO_32_BIT_CONVERSION = YES;
				GCC_WARN_ABOUT_RETURN_TYPE = YES_ERROR;
				GCC_WARN_UNDECLARED_SELECTOR = YES;
				GCC_WARN_UNINITIALIZED_AUTOS = YES_AGGRESSIVE;
				GCC_WARN_UNUSED_FUNCTION = YES;
				GCC_WARN_UNUSED_VARIABLE = YES;
				IPHONEOS_DEPLOYMENT_TARGET = 14.1;
				MTL_ENABLE_DEBUG_INFO = NO;
				MTL_FAST_MATH = YES;
				SDKROOT = iphoneos;
				SWIFT_COMPILATION_MODE = wholemodule;
				SWIFT_OPTIMIZATION_LEVEL = "-O";
				VALIDATE_PRODUCT = YES;
			};
			name = Release;
		};
		2418138F249073360072389D /* Debug */ = {
			isa = XCBuildConfiguration;
			buildSettings = {
				ALWAYS_EMBED_SWIFT_STANDARD_LIBRARIES = YES;
				ASSETCATALOG_COMPILER_APPICON_NAME = AppIcon;
				CODE_SIGN_ENTITLEMENTS = "Trail Lab/Trail Lab.entitlements";
				CODE_SIGN_STYLE = Automatic;
				CURRENT_PROJECT_VERSION = 0;
				DEVELOPMENT_ASSET_PATHS = "\"Trail Lab/Preview Content\"";
				DEVELOPMENT_TEAM = 2XJ7AA238S;
				ENABLE_PREVIEWS = YES;
				INFOPLIST_FILE = "Trail Lab/Info.plist";
				LD_RUNPATH_SEARCH_PATHS = (
					"$(inherited)",
					"@executable_path/Frameworks",
				);
				MARKETING_VERSION = 1.1.2;
				PRODUCT_BUNDLE_IDENTIFIER = room.traillab;
				PRODUCT_NAME = "$(TARGET_NAME)";
				SWIFT_VERSION = 5.0;
				TARGETED_DEVICE_FAMILY = 1;
			};
			name = Debug;
		};
		24181390249073360072389D /* Release */ = {
			isa = XCBuildConfiguration;
			buildSettings = {
				ALWAYS_EMBED_SWIFT_STANDARD_LIBRARIES = YES;
				ASSETCATALOG_COMPILER_APPICON_NAME = AppIcon;
				CODE_SIGN_ENTITLEMENTS = "Trail Lab/Trail Lab.entitlements";
				CODE_SIGN_STYLE = Automatic;
				CURRENT_PROJECT_VERSION = 0;
				DEVELOPMENT_ASSET_PATHS = "\"Trail Lab/Preview Content\"";
				DEVELOPMENT_TEAM = 2XJ7AA238S;
				ENABLE_PREVIEWS = YES;
				INFOPLIST_FILE = "Trail Lab/Info.plist";
				LD_RUNPATH_SEARCH_PATHS = (
					"$(inherited)",
					"@executable_path/Frameworks",
				);
				MARKETING_VERSION = 1.1.2;
				PRODUCT_BUNDLE_IDENTIFIER = room.traillab;
				PRODUCT_NAME = "$(TARGET_NAME)";
				SWIFT_VERSION = 5.0;
				TARGETED_DEVICE_FAMILY = 1;
			};
			name = Release;
		};
		24181392249073360072389D /* Debug */ = {
			isa = XCBuildConfiguration;
			buildSettings = {
				ALWAYS_EMBED_SWIFT_STANDARD_LIBRARIES = YES;
				BUNDLE_LOADER = "$(TEST_HOST)";
				CODE_SIGN_STYLE = Automatic;
				DEVELOPMENT_TEAM = 2XJ7AA238S;
				INFOPLIST_FILE = "Trail LabTests/Info.plist";
				IPHONEOS_DEPLOYMENT_TARGET = 13.5;
				LD_RUNPATH_SEARCH_PATHS = (
					"$(inherited)",
					"@executable_path/Frameworks",
					"@loader_path/Frameworks",
				);
				PRODUCT_BUNDLE_IDENTIFIER = room.traillab;
				PRODUCT_NAME = "$(TARGET_NAME)";
				SWIFT_VERSION = 5.0;
				TARGETED_DEVICE_FAMILY = "1,2";
				TEST_HOST = "$(BUILT_PRODUCTS_DIR)/Trail Lab.app/Trail Lab";
			};
			name = Debug;
		};
		24181393249073360072389D /* Release */ = {
			isa = XCBuildConfiguration;
			buildSettings = {
				ALWAYS_EMBED_SWIFT_STANDARD_LIBRARIES = YES;
				BUNDLE_LOADER = "$(TEST_HOST)";
				CODE_SIGN_STYLE = Automatic;
				DEVELOPMENT_TEAM = 2XJ7AA238S;
				INFOPLIST_FILE = "Trail LabTests/Info.plist";
				IPHONEOS_DEPLOYMENT_TARGET = 13.5;
				LD_RUNPATH_SEARCH_PATHS = (
					"$(inherited)",
					"@executable_path/Frameworks",
					"@loader_path/Frameworks",
				);
				PRODUCT_BUNDLE_IDENTIFIER = room.traillab;
				PRODUCT_NAME = "$(TARGET_NAME)";
				SWIFT_VERSION = 5.0;
				TARGETED_DEVICE_FAMILY = "1,2";
				TEST_HOST = "$(BUILT_PRODUCTS_DIR)/Trail Lab.app/Trail Lab";
			};
			name = Release;
		};
		24181395249073360072389D /* Debug */ = {
			isa = XCBuildConfiguration;
			buildSettings = {
				ALWAYS_EMBED_SWIFT_STANDARD_LIBRARIES = YES;
				CODE_SIGN_STYLE = Automatic;
				DEVELOPMENT_TEAM = 2XJ7AA238S;
				INFOPLIST_FILE = "Trail LabUITests/Info.plist";
				LD_RUNPATH_SEARCH_PATHS = (
					"$(inherited)",
					"@executable_path/Frameworks",
					"@loader_path/Frameworks",
				);
				PRODUCT_BUNDLE_IDENTIFIER = room.traillab;
				PRODUCT_NAME = "$(TARGET_NAME)";
				SWIFT_VERSION = 5.0;
				TARGETED_DEVICE_FAMILY = "1,2";
				TEST_TARGET_NAME = "Trail Lab";
			};
			name = Debug;
		};
		24181396249073360072389D /* Release */ = {
			isa = XCBuildConfiguration;
			buildSettings = {
				ALWAYS_EMBED_SWIFT_STANDARD_LIBRARIES = YES;
				CODE_SIGN_STYLE = Automatic;
				DEVELOPMENT_TEAM = 2XJ7AA238S;
				INFOPLIST_FILE = "Trail LabUITests/Info.plist";
				LD_RUNPATH_SEARCH_PATHS = (
					"$(inherited)",
					"@executable_path/Frameworks",
					"@loader_path/Frameworks",
				);
				PRODUCT_BUNDLE_IDENTIFIER = room.traillab;
				PRODUCT_NAME = "$(TARGET_NAME)";
				SWIFT_VERSION = 5.0;
				TARGETED_DEVICE_FAMILY = "1,2";
				TEST_TARGET_NAME = "Trail Lab";
			};
			name = Release;
		};
		24911E712513E726000EB01F /* Debug */ = {
			isa = XCBuildConfiguration;
			buildSettings = {
				ASSETCATALOG_COMPILER_GLOBAL_ACCENT_COLOR_NAME = AccentColor;
				ASSETCATALOG_COMPILER_WIDGET_BACKGROUND_COLOR_NAME = WidgetBackground;
				CLANG_WARN_QUOTED_INCLUDE_IN_FRAMEWORK_HEADER = YES;
				CODE_SIGN_ENTITLEMENTS = "Trail Lab WidgetExtension.entitlements";
				CODE_SIGN_STYLE = Automatic;
				CURRENT_PROJECT_VERSION = 0;
				DEVELOPMENT_TEAM = 2XJ7AA238S;
				INFOPLIST_FILE = "Trail Lab Widget/Info.plist";
				IPHONEOS_DEPLOYMENT_TARGET = 14.0;
				LD_RUNPATH_SEARCH_PATHS = (
					"$(inherited)",
					"@executable_path/Frameworks",
					"@executable_path/../../Frameworks",
				);
				MARKETING_VERSION = 1.1.2;
				PRODUCT_BUNDLE_IDENTIFIER = "room.traillab.Trail-Lab-Widget";
				PRODUCT_NAME = "$(TARGET_NAME)";
				SKIP_INSTALL = YES;
				SWIFT_VERSION = 5.0;
				TARGETED_DEVICE_FAMILY = 1;
			};
			name = Debug;
		};
		24911E722513E726000EB01F /* Release */ = {
			isa = XCBuildConfiguration;
			buildSettings = {
				ASSETCATALOG_COMPILER_GLOBAL_ACCENT_COLOR_NAME = AccentColor;
				ASSETCATALOG_COMPILER_WIDGET_BACKGROUND_COLOR_NAME = WidgetBackground;
				CLANG_WARN_QUOTED_INCLUDE_IN_FRAMEWORK_HEADER = YES;
				CODE_SIGN_ENTITLEMENTS = "Trail Lab WidgetExtension.entitlements";
				CODE_SIGN_STYLE = Automatic;
				CURRENT_PROJECT_VERSION = 0;
				DEVELOPMENT_TEAM = 2XJ7AA238S;
				INFOPLIST_FILE = "Trail Lab Widget/Info.plist";
				IPHONEOS_DEPLOYMENT_TARGET = 14.0;
				LD_RUNPATH_SEARCH_PATHS = (
					"$(inherited)",
					"@executable_path/Frameworks",
					"@executable_path/../../Frameworks",
				);
				MARKETING_VERSION = 1.1.2;
				PRODUCT_BUNDLE_IDENTIFIER = "room.traillab.Trail-Lab-Widget";
				PRODUCT_NAME = "$(TARGET_NAME)";
				SKIP_INSTALL = YES;
				SWIFT_VERSION = 5.0;
				TARGETED_DEVICE_FAMILY = 1;
			};
			name = Release;
		};
		62034138262B916200E855C3 /* Debug */ = {
			isa = XCBuildConfiguration;
			buildSettings = {
				ALWAYS_EMBED_SWIFT_STANDARD_LIBRARIES = YES;
				ASSETCATALOG_COMPILER_APPICON_NAME = AppIcon;
				ASSETCATALOG_COMPILER_GLOBAL_ACCENT_COLOR_NAME = AccentColor;
				CODE_SIGN_STYLE = Automatic;
				CURRENT_PROJECT_VERSION = 0;
				DEVELOPMENT_TEAM = 2XJ7AA238S;
				IBSC_MODULE = Trail_Lab_WatchOS_Extension;
				INFOPLIST_FILE = "Trail Lab WatchOS/Info.plist";
				MARKETING_VERSION = 1.1.2;
				PRODUCT_BUNDLE_IDENTIFIER = room.traillab.watchkitapp;
				PRODUCT_NAME = "$(TARGET_NAME)";
				SDKROOT = watchos;
				SKIP_INSTALL = YES;
				SWIFT_VERSION = 5.0;
				TARGETED_DEVICE_FAMILY = 4;
				WATCHOS_DEPLOYMENT_TARGET = 7.2;
			};
			name = Debug;
		};
		62034139262B916200E855C3 /* Release */ = {
			isa = XCBuildConfiguration;
			buildSettings = {
				ALWAYS_EMBED_SWIFT_STANDARD_LIBRARIES = YES;
				ASSETCATALOG_COMPILER_APPICON_NAME = AppIcon;
				ASSETCATALOG_COMPILER_GLOBAL_ACCENT_COLOR_NAME = AccentColor;
				CODE_SIGN_STYLE = Automatic;
				CURRENT_PROJECT_VERSION = 0;
				DEVELOPMENT_TEAM = 2XJ7AA238S;
				IBSC_MODULE = Trail_Lab_WatchOS_Extension;
				INFOPLIST_FILE = "Trail Lab WatchOS/Info.plist";
				MARKETING_VERSION = 1.1.2;
				PRODUCT_BUNDLE_IDENTIFIER = room.traillab.watchkitapp;
				PRODUCT_NAME = "$(TARGET_NAME)";
				SDKROOT = watchos;
				SKIP_INSTALL = YES;
				SWIFT_VERSION = 5.0;
				TARGETED_DEVICE_FAMILY = 4;
				WATCHOS_DEPLOYMENT_TARGET = 7.2;
			};
			name = Release;
		};
		6203413B262B916200E855C3 /* Debug */ = {
			isa = XCBuildConfiguration;
			buildSettings = {
				ASSETCATALOG_COMPILER_COMPLICATION_NAME = Complication;
				CODE_SIGN_ENTITLEMENTS = "Trail Lab WatchOS Extension/Trail Lab WatchOS Extension.entitlements";
				CODE_SIGN_STYLE = Automatic;
				CURRENT_PROJECT_VERSION = 0;
				DEVELOPMENT_ASSET_PATHS = "\"Trail Lab WatchOS Extension/Preview Content\"";
				DEVELOPMENT_TEAM = 2XJ7AA238S;
				ENABLE_PREVIEWS = YES;
				INFOPLIST_FILE = "Trail Lab WatchOS Extension/Info.plist";
				LD_RUNPATH_SEARCH_PATHS = (
					"$(inherited)",
					"@executable_path/Frameworks",
					"@executable_path/../../Frameworks",
				);
				MARKETING_VERSION = 1.1.2;
				PRODUCT_BUNDLE_IDENTIFIER = room.traillab.watchkitapp.watchkitextension;
				PRODUCT_NAME = "${TARGET_NAME}";
				SDKROOT = watchos;
				SKIP_INSTALL = YES;
				SWIFT_VERSION = 5.0;
				TARGETED_DEVICE_FAMILY = 4;
				WATCHOS_DEPLOYMENT_TARGET = 7.2;
			};
			name = Debug;
		};
		6203413C262B916200E855C3 /* Release */ = {
			isa = XCBuildConfiguration;
			buildSettings = {
				ASSETCATALOG_COMPILER_COMPLICATION_NAME = Complication;
				CODE_SIGN_ENTITLEMENTS = "Trail Lab WatchOS Extension/Trail Lab WatchOS Extension.entitlements";
				CODE_SIGN_STYLE = Automatic;
				CURRENT_PROJECT_VERSION = 0;
				DEVELOPMENT_ASSET_PATHS = "\"Trail Lab WatchOS Extension/Preview Content\"";
				DEVELOPMENT_TEAM = 2XJ7AA238S;
				ENABLE_PREVIEWS = YES;
				INFOPLIST_FILE = "Trail Lab WatchOS Extension/Info.plist";
				LD_RUNPATH_SEARCH_PATHS = (
					"$(inherited)",
					"@executable_path/Frameworks",
					"@executable_path/../../Frameworks",
				);
				MARKETING_VERSION = 1.1.2;
				PRODUCT_BUNDLE_IDENTIFIER = room.traillab.watchkitapp.watchkitextension;
				PRODUCT_NAME = "${TARGET_NAME}";
				SDKROOT = watchos;
				SKIP_INSTALL = YES;
				SWIFT_VERSION = 5.0;
				TARGETED_DEVICE_FAMILY = 4;
				WATCHOS_DEPLOYMENT_TARGET = 7.2;
			};
			name = Release;
		};
/* End XCBuildConfiguration section */

/* Begin XCConfigurationList section */
		2418135C249073340072389D /* Build configuration list for PBXProject "Trail Lab" */ = {
			isa = XCConfigurationList;
			buildConfigurations = (
				2418138C249073360072389D /* Debug */,
				2418138D249073360072389D /* Release */,
			);
			defaultConfigurationIsVisible = 0;
			defaultConfigurationName = Release;
		};
		2418138E249073360072389D /* Build configuration list for PBXNativeTarget "Trail Lab" */ = {
			isa = XCConfigurationList;
			buildConfigurations = (
				2418138F249073360072389D /* Debug */,
				24181390249073360072389D /* Release */,
			);
			defaultConfigurationIsVisible = 0;
			defaultConfigurationName = Release;
		};
		24181391249073360072389D /* Build configuration list for PBXNativeTarget "Trail LabTests" */ = {
			isa = XCConfigurationList;
			buildConfigurations = (
				24181392249073360072389D /* Debug */,
				24181393249073360072389D /* Release */,
			);
			defaultConfigurationIsVisible = 0;
			defaultConfigurationName = Release;
		};
		24181394249073360072389D /* Build configuration list for PBXNativeTarget "Trail LabUITests" */ = {
			isa = XCConfigurationList;
			buildConfigurations = (
				24181395249073360072389D /* Debug */,
				24181396249073360072389D /* Release */,
			);
			defaultConfigurationIsVisible = 0;
			defaultConfigurationName = Release;
		};
		24911E732513E726000EB01F /* Build configuration list for PBXNativeTarget "Trail Lab WidgetExtension" */ = {
			isa = XCConfigurationList;
			buildConfigurations = (
				24911E712513E726000EB01F /* Debug */,
				24911E722513E726000EB01F /* Release */,
			);
			defaultConfigurationIsVisible = 0;
			defaultConfigurationName = Release;
		};
		6203413D262B916200E855C3 /* Build configuration list for PBXNativeTarget "Trail Lab WatchOS Extension" */ = {
			isa = XCConfigurationList;
			buildConfigurations = (
				6203413B262B916200E855C3 /* Debug */,
				6203413C262B916200E855C3 /* Release */,
			);
			defaultConfigurationIsVisible = 0;
			defaultConfigurationName = Release;
		};
		6203413E262B916200E855C3 /* Build configuration list for PBXNativeTarget "Trail Lab WatchOS" */ = {
			isa = XCConfigurationList;
			buildConfigurations = (
				62034138262B916200E855C3 /* Debug */,
				62034139262B916200E855C3 /* Release */,
			);
			defaultConfigurationIsVisible = 0;
			defaultConfigurationName = Release;
		};
/* End XCConfigurationList section */

/* Begin XCRemoteSwiftPackageReference section */
		6284DF5925E316F000720D56 /* XCRemoteSwiftPackageReference "ChartView" */ = {
			isa = XCRemoteSwiftPackageReference;
			repositoryURL = "https://github.com/AppPear/ChartView";
			requirement = {
				kind = upToNextMajorVersion;
				minimumVersion = 1.5.4;
			};
		};
/* End XCRemoteSwiftPackageReference section */

/* Begin XCSwiftPackageProductDependency section */
		6284DF5A25E316F000720D56 /* SwiftUICharts */ = {
			isa = XCSwiftPackageProductDependency;
			package = 6284DF5925E316F000720D56 /* XCRemoteSwiftPackageReference "ChartView" */;
			productName = SwiftUICharts;
		};
/* End XCSwiftPackageProductDependency section */

/* Begin XCVersionGroup section */
		24181368249073340072389D /* Trail_Lab.xcdatamodeld */ = {
			isa = XCVersionGroup;
			children = (
				24181369249073340072389D /* Trail_Lab.xcdatamodel */,
			);
			currentVersion = 24181369249073340072389D /* Trail_Lab.xcdatamodel */;
			path = Trail_Lab.xcdatamodeld;
			sourceTree = "<group>";
			versionGroupType = wrapper.xcdatamodel;
		};
/* End XCVersionGroup section */
	};
	rootObject = 24181359249073340072389D /* Project object */;
}
